// !$*UTF8*$!
{
	archiveVersion = 1;
	classes = {
	};
	objectVersion = 46;
	objects = {

/* Begin PBXBuildFile section */
		CCCBCB471C1E5542009126B7 /* main.m in Sources */ = {isa = PBXBuildFile; fileRef = CCCBCB461C1E5542009126B7 /* main.m */; };
		CCCBCB4F1C1E5562009126B7 /* QYPerson.m in Sources */ = {isa = PBXBuildFile; fileRef = CCCBCB4E1C1E5562009126B7 /* QYPerson.m */; };
		CCCBCB521C1E5931009126B7 /* HNPerson.m in Sources */ = {isa = PBXBuildFile; fileRef = CCCBCB511C1E5931009126B7 /* HNPerson.m */; };
/* End PBXBuildFile section */

/* Begin PBXCopyFilesBuildPhase section */
		CCCBCB411C1E5542009126B7 /* CopyFiles */ = {
			isa = PBXCopyFilesBuildPhase;
			buildActionMask = 2147483647;
			dstPath = /usr/share/man/man1/;
			dstSubfolderSpec = 0;
			files = (
			);
			runOnlyForDeploymentPostprocessing = 1;
		};
/* End PBXCopyFilesBuildPhase section */

/* Begin PBXFileReference section */
		CCCBCB431C1E5542009126B7 /* PersonDemo */ = {isa = PBXFileReference; explicitFileType = "compiled.mach-o.executable"; includeInIndex = 0; path = PersonDemo; sourceTree = BUILT_PRODUCTS_DIR; };
		CCCBCB461C1E5542009126B7 /* main.m */ = {isa = PBXFileReference; lastKnownFileType = sourcecode.c.objc; path = main.m; sourceTree = "<group>"; };
		CCCBCB4D1C1E5562009126B7 /* QYPerson.h */ = {isa = PBXFileReference; fileEncoding = 4; lastKnownFileType = sourcecode.c.h; path = QYPerson.h; sourceTree = "<group>"; };
		CCCBCB4E1C1E5562009126B7 /* QYPerson.m */ = {isa = PBXFileReference; fileEncoding = 4; lastKnownFileType = sourcecode.c.objc; path = QYPerson.m; sourceTree = "<group>"; };
		CCCBCB501C1E5931009126B7 /* HNPerson.h */ = {isa = PBXFileReference; fileEncoding = 4; lastKnownFileType = sourcecode.c.h; path = HNPerson.h; sourceTree = "<group>"; };
		CCCBCB511C1E5931009126B7 /* HNPerson.m */ = {isa = PBXFileReference; fileEncoding = 4; lastKnownFileType = sourcecode.c.objc; path = HNPerson.m; sourceTree = "<group>"; };
/* End PBXFileReference section */

/* Begin PBXFrameworksBuildPhase section */
		CCCBCB401C1E5542009126B7 /* Frameworks */ = {
			isa = PBXFrameworksBuildPhase;
			buildActionMask = 2147483647;
			files = (
			);
			runOnlyForDeploymentPostprocessing = 0;
		};
/* End PBXFrameworksBuildPhase section */

/* Begin PBXGroup section */
		CCCBCB3A1C1E5542009126B7 = {
			isa = PBXGroup;
			children = (
				CCCBCB451C1E5542009126B7 /* PersonDemo */,
				CCCBCB441C1E5542009126B7 /* Products */,
			);
			sourceTree = "<group>";
		};
		CCCBCB441C1E5542009126B7 /* Products */ = {
			isa = PBXGroup;
			children = (
				CCCBCB431C1E5542009126B7 /* PersonDemo */,
			);
			name = Products;
			sourceTree = "<group>";
		};
		CCCBCB451C1E5542009126B7 /* PersonDemo */ = {
			isa = PBXGroup;
			children = (
				CCCBCB461C1E5542009126B7 /* main.m */,
				CCCBCB501C1E5931009126B7 /* HNPerson.h */,
				CCCBCB511C1E5931009126B7 /* HNPerson.m */,
				CCCBCB4D1C1E5562009126B7 /* QYPerson.h */,
				CCCBCB4E1C1E5562009126B7 /* QYPerson.m */,
			);
			path = PersonDemo;
			sourceTree = "<group>";
		};
/* End PBXGroup section */

/* Begin PBXNativeTarget section */
		CCCBCB421C1E5542009126B7 /* PersonDemo */ = {
			isa = PBXNativeTarget;
			buildConfigurationList = CCCBCB4A1C1E5542009126B7 /* Build configuration list for PBXNativeTarget "PersonDemo" */;
			buildPhases = (
				CCCBCB3F1C1E5542009126B7 /* Sources */,
				CCCBCB401C1E5542009126B7 /* Frameworks */,
				CCCBCB411C1E5542009126B7 /* CopyFiles */,
			);
			buildRules = (
			);
			dependencies = (
			);
			name = PersonDemo;
			productName = PersonDemo;
			productReference = CCCBCB431C1E5542009126B7 /* PersonDemo */;
			productType = "com.apple.product-type.tool";
		};
/* End PBXNativeTarget section */

/* Begin PBXProject section */
		CCCBCB3B1C1E5542009126B7 /* Project object */ = {
			isa = PBXProject;
			attributes = {
				LastUpgradeCheck = 0630;
				ORGANIZATIONNAME = qingyun;
				TargetAttributes = {
					CCCBCB421C1E5542009126B7 = {
						CreatedOnToolsVersion = 6.3;
					};
				};
			};
			buildConfigurationList = CCCBCB3E1C1E5542009126B7 /* Build configuration list for PBXProject "PersonDemo" */;
			compatibilityVersion = "Xcode 3.2";
			developmentRegion = English;
			hasScannedForEncodings = 0;
			knownRegions = (
				en,
			);
			mainGroup = CCCBCB3A1C1E5542009126B7;
			productRefGroup = CCCBCB441C1E5542009126B7 /* Products */;
			projectDirPath = "";
			projectRoot = "";
			targets = (
				CCCBCB421C1E5542009126B7 /* PersonDemo */,
			);
		};
/* End PBXProject section */

/* Begin PBXSourcesBuildPhase section */
		CCCBCB3F1C1E5542009126B7 /* Sources */ = {
			isa = PBXSourcesBuildPhase;
			buildActionMask = 2147483647;
			files = (
				CCCBCB4F1C1E5562009126B7 /* QYPerson.m in Sources */,
				CCCBCB471C1E5542009126B7 /* main.m in Sources */,
				CCCBCB521C1E5931009126B7 /* HNPerson.m in Sources */,
			);
			runOnlyForDeploymentPostprocessing = 0;
		};
/* End PBXSourcesBuildPhase section */

/* Begin XCBuildConfiguration section */
		CCCBCB481C1E5542009126B7 /* Debug */ = {
			isa = XCBuildConfiguration;
			buildSettings = {
				ALWAYS_SEARCH_USER_PATHS = NO;
				CLANG_CXX_LANGUAGE_STANDARD = "gnu++0x";
				CLANG_CXX_LIBRARY = "libc++";
				CLANG_ENABLE_MODULES = YES;
				CLANG_ENABLE_OBJC_ARC = YES;
				CLANG_WARN_BOOL_CONVERSION = YES;
				CLANG_WARN_CONSTANT_CONVERSION = YES;
				CLANG_WARN_DIRECT_OBJC_ISA_USAGE = YES_ERROR;
				CLANG_WARN_EMPTY_BODY = YES;
				CLANG_WARN_ENUM_CONVERSION = YES;
				CLANG_WARN_INT_CONVERSION = YES;
				CLANG_WARN_OBJC_ROOT_CLASS = YES_ERROR;
				CLANG_WARN_UNREACHABLE_CODE = YES;
				CLANG_WARN__DUPLICATE_METHOD_MATCH = YES;
				COPY_PHASE_STRIP = NO;
				DEBUG_INFORMATION_FORMAT = dwarf;
				ENABLE_STRICT_OBJC_MSGSEND = YES;
				GCC_C_LANGUAGE_STANDARD = gnu99;
				GCC_DYNAMIC_NO_PIC = NO;
				GCC_NO_COMMON_BLOCKS = YES;
				GCC_OPTIMIZATION_LEVEL = 0;
				GCC_PREPROCESSOR_DEFINITIONS = (
					"DEBUG=1",
					"$(inherited)",
				);
				GCC_SYMBOLS_PRIVATE_EXTERN = NO;
				GCC_WARN_64_TO_32_BIT_CONVERSION = YES;
				GCC_WARN_ABOUT_RETURN_TYPE = YES_ERROR;
				GCC_WARN_UNDECLARED_SELECTOR = YES;
				GCC_WARN_UNINITIALIZED_AUTOS = YES_AGGRESSIVE;
				GCC_WARN_UNUSED_FUNCTION = YES;
				GCC_WARN_UNUSED_VARIABLE = YES;
				MACOSX_DEPLOYMENT_TARGET = 10.10;
				MTL_ENABLE_DEBUG_INFO = YES;
				ONLY_ACTIVE_ARCH = YES;
				SDKROOT = macosx;
			};
			name = Debug;
		};
		CCCBCB491C1E5542009126B7 /* Release */ = {
			isa = XCBuildConfiguration;
			buildSettings = {
				ALWAYS_SEARCH_USER_PATHS = NO;
				CLANG_CXX_LANGUAGE_STANDARD = "gnu++0x";
				CLANG_CXX_LIBRARY = "libc++";
				CLANG_ENABLE_MODULES = YES;
				CLANG_ENABLE_OBJC_ARC = YES;
				CLANG_WARN_BOOL_CONVERSION = YES;
				CLANG_WARN_CONSTANT_CONVERSION = YES;
				CLANG_WARN_DIRECT_OBJC_ISA_USAGE = YES_ERROR;
				CLANG_WARN_EMPTY_BODY = YES;
				CLANG_WARN_ENUM_CONVERSION = YES;
				CLANG_WARN_INT_CONVERSION = YES;
				CLANG_WARN_OBJC_ROOT_CLASS = YES_ERROR;
				CLANG_WARN_UNREACHABLE_CODE = YES;
				CLANG_WARN__DUPLICATE_METHOD_MATCH = YES;
				COPY_PHASE_STRIP = NO;
				DEBUG_INFORMATION_FORMAT = "dwarf-with-dsym";
				ENABLE_NS_ASSERTIONS = NO;
				ENABLE_STRICT_OBJC_MSGSEND = YES;
				GCC_C_LANGUAGE_STANDARD = gnu99;
				GCC_NO_COMMON_BLOCKS = YES;
				GCC_WARN_64_TO_32_BIT_CONVERSION = YES;
				GCC_WARN_ABOUT_RETURN_TYPE = YES_ERROR;
				GCC_WARN_UNDECLARED_SELECTOR = YES;
				GCC_WARN_UNINITIALIZED_AUTOS = YES_AGGRESSIVE;
				GCC_WARN_UNUSED_FUNCTION = YES;
				GCC_WARN_UNUSED_VARIABLE = YES;
				MACOSX_DEPLOYMENT_TARGET = 10.10;
				MTL_ENABLE_DEBUG_INFO = NO;
				SDKROOT = macosx;
			};
			name = Release;
		};
		CCCBCB4B1C1E5542009126B7 /* Debug */ = {
			isa = XCBuildConfiguration;
			buildSettings = {
				PRODUCT_NAME = "$(TARGET_NAME)";
			};
			name = Debug;
		};
		CCCBCB4C1C1E5542009126B7 /* Release */ = {
			isa = XCBuildConfiguration;
			buildSettings = {
				PRODUCT_NAME = "$(TARGET_NAME)";
			};
			name = Release;
		};
/* End XCBuildConfiguration section */

/* Begin XCConfigurationList section */
		CCCBCB3E1C1E5542009126B7 /* Build configuration list for PBXProject "PersonDemo" */ = {
			isa = XCConfigurationList;
			buildConfigurations = (
				CCCBCB481C1E5542009126B7 /* Debug */,
				CCCBCB491C1E5542009126B7 /* Release */,
			);
			defaultConfigurationIsVisible = 0;
			defaultConfigurationName = Release;
		};
		CCCBCB4A1C1E5542009126B7 /* Build configuration list for PBXNativeTarget "PersonDemo" */ = {
			isa = XCConfigurationList;
			buildConfigurations = (
				CCCBCB4B1C1E5542009126B7 /* Debug */,
				CCCBCB4C1C1E5542009126B7 /* Release */,
			);
			defaultConfigurationIsVisible = 0;
		};
/* End XCConfigurationList section */
	};
	rootObject = CCCBCB3B1C1E5542009126B7 /* Project object */;
}
