// !$*UTF8*$!
{
	archiveVersion = 1;
	classes = {
	};
	objectVersion = 46;
	objects = {

/* Begin PBXBuildFile section */
		CCA4C2161C229FF400BED4A9 /* main.m in Sources */ = {isa = PBXBuildFile; fileRef = CCA4C2151C229FF400BED4A9 /* main.m */; };
		CCA4C21E1C22A01600BED4A9 /* NSArray+Sort.m in Sources */ = {isa = PBXBuildFile; fileRef = CCA4C21D1C22A01600BED4A9 /* NSArray+Sort.m */; };
		CCA4C2211C22AE3D00BED4A9 /* QYStudent.m in Sources */ = {isa = PBXBuildFile; fileRef = CCA4C2201C22AE3D00BED4A9 /* QYStudent.m */; };
/* End PBXBuildFile section */

/* Begin PBXCopyFilesBuildPhase section */
		CCA4C2101C229FF400BED4A9 /* CopyFiles */ = {
			isa = PBXCopyFilesBuildPhase;
			buildActionMask = 2147483647;
			dstPath = /usr/share/man/man1/;
			dstSubfolderSpec = 0;
			files = (
			);
			runOnlyForDeploymentPostprocessing = 1;
		};
/* End PBXCopyFilesBuildPhase section */

/* Begin PBXFileReference section */
		CCA4C2121C229FF400BED4A9 /* ArraySortDemo */ = {isa = PBXFileReference; explicitFileType = "compiled.mach-o.executable"; includeInIndex = 0; path = ArraySortDemo; sourceTree = BUILT_PRODUCTS_DIR; };
		CCA4C2151C229FF400BED4A9 /* main.m */ = {isa = PBXFileReference; lastKnownFileType = sourcecode.c.objc; path = main.m; sourceTree = "<group>"; };
		CCA4C21C1C22A01600BED4A9 /* NSArray+Sort.h */ = {isa = PBXFileReference; fileEncoding = 4; lastKnownFileType = sourcecode.c.h; path = "NSArray+Sort.h"; sourceTree = "<group>"; };
		CCA4C21D1C22A01600BED4A9 /* NSArray+Sort.m */ = {isa = PBXFileReference; fileEncoding = 4; lastKnownFileType = sourcecode.c.objc; path = "NSArray+Sort.m"; sourceTree = "<group>"; };
		CCA4C21F1C22AE3D00BED4A9 /* QYStudent.h */ = {isa = PBXFileReference; fileEncoding = 4; lastKnownFileType = sourcecode.c.h; path = QYStudent.h; sourceTree = "<group>"; };
		CCA4C2201C22AE3D00BED4A9 /* QYStudent.m */ = {isa = PBXFileReference; fileEncoding = 4; lastKnownFileType = sourcecode.c.objc; path = QYStudent.m; sourceTree = "<group>"; };
/* End PBXFileReference section */

/* Begin PBXFrameworksBuildPhase section */
		CCA4C20F1C229FF400BED4A9 /* Frameworks */ = {
			isa = PBXFrameworksBuildPhase;
			buildActionMask = 2147483647;
			files = (
			);
			runOnlyForDeploymentPostprocessing = 0;
		};
/* End PBXFrameworksBuildPhase section */

/* Begin PBXGroup section */
		CCA4C2091C229FF400BED4A9 = {
			isa = PBXGroup;
			children = (
				CCA4C2141C229FF400BED4A9 /* ArraySortDemo */,
				CCA4C2131C229FF400BED4A9 /* Products */,
			);
			sourceTree = "<group>";
		};
		CCA4C2131C229FF400BED4A9 /* Products */ = {
			isa = PBXGroup;
			children = (
				CCA4C2121C229FF400BED4A9 /* ArraySortDemo */,
			);
			name = Products;
			sourceTree = "<group>";
		};
		CCA4C2141C229FF400BED4A9 /* ArraySortDemo */ = {
			isa = PBXGroup;
			children = (
				CCA4C2151C229FF400BED4A9 /* main.m */,
				CCA4C21C1C22A01600BED4A9 /* NSArray+Sort.h */,
				CCA4C21D1C22A01600BED4A9 /* NSArray+Sort.m */,
				CCA4C21F1C22AE3D00BED4A9 /* QYStudent.h */,
				CCA4C2201C22AE3D00BED4A9 /* QYStudent.m */,
			);
			path = ArraySortDemo;
			sourceTree = "<group>";
		};
/* End PBXGroup section */

/* Begin PBXNativeTarget section */
		CCA4C2111C229FF400BED4A9 /* ArraySortDemo */ = {
			isa = PBXNativeTarget;
			buildConfigurationList = CCA4C2191C229FF400BED4A9 /* Build configuration list for PBXNativeTarget "ArraySortDemo" */;
			buildPhases = (
				CCA4C20E1C229FF400BED4A9 /* Sources */,
				CCA4C20F1C229FF400BED4A9 /* Frameworks */,
				CCA4C2101C229FF400BED4A9 /* CopyFiles */,
			);
			buildRules = (
			);
			dependencies = (
			);
			name = ArraySortDemo;
			productName = ArraySortDemo;
			productReference = CCA4C2121C229FF400BED4A9 /* ArraySortDemo */;
			productType = "com.apple.product-type.tool";
		};
/* End PBXNativeTarget section */

/* Begin PBXProject section */
		CCA4C20A1C229FF400BED4A9 /* Project object */ = {
			isa = PBXProject;
			attributes = {
				LastUpgradeCheck = 0630;
				ORGANIZATIONNAME = qingyun;
				TargetAttributes = {
					CCA4C2111C229FF400BED4A9 = {
						CreatedOnToolsVersion = 6.3;
					};
				};
			};
			buildConfigurationList = CCA4C20D1C229FF400BED4A9 /* Build configuration list for PBXProject "ArraySortDemo" */;
			compatibilityVersion = "Xcode 3.2";
			developmentRegion = English;
			hasScannedForEncodings = 0;
			knownRegions = (
				en,
			);
			mainGroup = CCA4C2091C229FF400BED4A9;
			productRefGroup = CCA4C2131C229FF400BED4A9 /* Products */;
			projectDirPath = "";
			projectRoot = "";
			targets = (
				CCA4C2111C229FF400BED4A9 /* ArraySortDemo */,
			);
		};
/* End PBXProject section */

/* Begin PBXSourcesBuildPhase section */
		CCA4C20E1C229FF400BED4A9 /* Sources */ = {
			isa = PBXSourcesBuildPhase;
			buildActionMask = 2147483647;
			files = (
				CCA4C21E1C22A01600BED4A9 /* NSArray+Sort.m in Sources */,
				CCA4C2161C229FF400BED4A9 /* main.m in Sources */,
				CCA4C2211C22AE3D00BED4A9 /* QYStudent.m in Sources */,
			);
			runOnlyForDeploymentPostprocessing = 0;
		};
/* End PBXSourcesBuildPhase section */

/* Begin XCBuildConfiguration section */
		CCA4C2171C229FF400BED4A9 /* Debug */ = {
			isa = XCBuildConfiguration;
			buildSettings = {
				ALWAYS_SEARCH_USER_PATHS = NO;
				CLANG_CXX_LANGUAGE_STANDARD = "gnu++0x";
				CLANG_CXX_LIBRARY = "libc++";
				CLANG_ENABLE_MODULES = YES;
				CLANG_ENABLE_OBJC_ARC = YES;
				CLANG_WARN_BOOL_CONVERSION = YES;
				CLANG_WARN_CONSTANT_CONVERSION = YES;
				CLANG_WARN_DIRECT_OBJC_ISA_USAGE = YES_ERROR;
				CLANG_WARN_EMPTY_BODY = YES;
				CLANG_WARN_ENUM_CONVERSION = YES;
				CLANG_WARN_INT_CONVERSION = YES;
				CLANG_WARN_OBJC_ROOT_CLASS = YES_ERROR;
				CLANG_WARN_UNREACHABLE_CODE = YES;
				CLANG_WARN__DUPLICATE_METHOD_MATCH = YES;
				COPY_PHASE_STRIP = NO;
				DEBUG_INFORMATION_FORMAT = dwarf;
				ENABLE_STRICT_OBJC_MSGSEND = YES;
				GCC_C_LANGUAGE_STANDARD = gnu99;
				GCC_DYNAMIC_NO_PIC = NO;
				GCC_NO_COMMON_BLOCKS = YES;
				GCC_OPTIMIZATION_LEVEL = 0;
				GCC_PREPROCESSOR_DEFINITIONS = (
					"DEBUG=1",
					"$(inherited)",
				);
				GCC_SYMBOLS_PRIVATE_EXTERN = NO;
				GCC_WARN_64_TO_32_BIT_CONVERSION = YES;
				GCC_WARN_ABOUT_RETURN_TYPE = YES_ERROR;
				GCC_WARN_UNDECLARED_SELECTOR = YES;
				GCC_WARN_UNINITIALIZED_AUTOS = YES_AGGRESSIVE;
				GCC_WARN_UNUSED_FUNCTION = YES;
				GCC_WARN_UNUSED_VARIABLE = YES;
				MACOSX_DEPLOYMENT_TARGET = 10.10;
				MTL_ENABLE_DEBUG_INFO = YES;
				ONLY_ACTIVE_ARCH = YES;
				SDKROOT = macosx;
			};
			name = Debug;
		};
		CCA4C2181C229FF400BED4A9 /* Release */ = {
			isa = XCBuildConfiguration;
			buildSettings = {
				ALWAYS_SEARCH_USER_PATHS = NO;
				CLANG_CXX_LANGUAGE_STANDARD = "gnu++0x";
				CLANG_CXX_LIBRARY = "libc++";
				CLANG_ENABLE_MODULES = YES;
				CLANG_ENABLE_OBJC_ARC = YES;
				CLANG_WARN_BOOL_CONVERSION = YES;
				CLANG_WARN_CONSTANT_CONVERSION = YES;
				CLANG_WARN_DIRECT_OBJC_ISA_USAGE = YES_ERROR;
				CLANG_WARN_EMPTY_BODY = YES;
				CLANG_WARN_ENUM_CONVERSION = YES;
				CLANG_WARN_INT_CONVERSION = YES;
				CLANG_WARN_OBJC_ROOT_CLASS = YES_ERROR;
				CLANG_WARN_UNREACHABLE_CODE = YES;
				CLANG_WARN__DUPLICATE_METHOD_MATCH = YES;
				COPY_PHASE_STRIP = NO;
				DEBUG_INFORMATION_FORMAT = "dwarf-with-dsym";
				ENABLE_NS_ASSERTIONS = NO;
				ENABLE_STRICT_OBJC_MSGSEND = YES;
				GCC_C_LANGUAGE_STANDARD = gnu99;
				GCC_NO_COMMON_BLOCKS = YES;
				GCC_WARN_64_TO_32_BIT_CONVERSION = YES;
				GCC_WARN_ABOUT_RETURN_TYPE = YES_ERROR;
				GCC_WARN_UNDECLARED_SELECTOR = YES;
				GCC_WARN_UNINITIALIZED_AUTOS = YES_AGGRESSIVE;
				GCC_WARN_UNUSED_FUNCTION = YES;
				GCC_WARN_UNUSED_VARIABLE = YES;
				MACOSX_DEPLOYMENT_TARGET = 10.10;
				MTL_ENABLE_DEBUG_INFO = NO;
				SDKROOT = macosx;
			};
			name = Release;
		};
		CCA4C21A1C229FF400BED4A9 /* Debug */ = {
			isa = XCBuildConfiguration;
			buildSettings = {
				PRODUCT_NAME = "$(TARGET_NAME)";
			};
			name = Debug;
		};
		CCA4C21B1C229FF400BED4A9 /* Release */ = {
			isa = XCBuildConfiguration;
			buildSettings = {
				PRODUCT_NAME = "$(TARGET_NAME)";
			};
			name = Release;
		};
/* End XCBuildConfiguration section */

/* Begin XCConfigurationList section */
		CCA4C20D1C229FF400BED4A9 /* Build configuration list for PBXProject "ArraySortDemo" */ = {
			isa = XCConfigurationList;
			buildConfigurations = (
				CCA4C2171C229FF400BED4A9 /* Debug */,
				CCA4C2181C229FF400BED4A9 /* Release */,
			);
			defaultConfigurationIsVisible = 0;
			defaultConfigurationName = Release;
		};
		CCA4C2191C229FF400BED4A9 /* Build configuration list for PBXNativeTarget "ArraySortDemo" */ = {
			isa = XCConfigurationList;
			buildConfigurations = (
				CCA4C21A1C229FF400BED4A9 /* Debug */,
				CCA4C21B1C229FF400BED4A9 /* Release */,
			);
			defaultConfigurationIsVisible = 0;
		};
/* End XCConfigurationList section */
	};
	rootObject = CCA4C20A1C229FF400BED4A9 /* Project object */;
}
