// !$*UTF8*$!
{
	archiveVersion = 1;
	classes = {
	};
	objectVersion = 46;
	objects = {

/* Begin PBXBuildFile section */
		CCC786F41C197A5B00A5434C /* main.m in Sources */ = {isa = PBXBuildFile; fileRef = CCC786F31C197A5B00A5434C /* main.m */; };
		CCC786FC1C197AA000A5434C /* Man.m in Sources */ = {isa = PBXBuildFile; fileRef = CCC786FB1C197AA000A5434C /* Man.m */; };
		CCC786FF1C199E9800A5434C /* Woman.m in Sources */ = {isa = PBXBuildFile; fileRef = CCC786FE1C199E9800A5434C /* Woman.m */; };
/* End PBXBuildFile section */

/* Begin PBXCopyFilesBuildPhase section */
		CCC786EE1C197A5B00A5434C /* CopyFiles */ = {
			isa = PBXCopyFilesBuildPhase;
			buildActionMask = 2147483647;
			dstPath = /usr/share/man/man1/;
			dstSubfolderSpec = 0;
			files = (
			);
			runOnlyForDeploymentPostprocessing = 1;
		};
/* End PBXCopyFilesBuildPhase section */

/* Begin PBXFileReference section */
		CCC786F01C197A5B00A5434C /* 对象所有权 */ = {isa = PBXFileReference; explicitFileType = "compiled.mach-o.executable"; includeInIndex = 0; path = "对象所有权"; sourceTree = BUILT_PRODUCTS_DIR; };
		CCC786F31C197A5B00A5434C /* main.m */ = {isa = PBXFileReference; lastKnownFileType = sourcecode.c.objc; path = main.m; sourceTree = "<group>"; };
		CCC786FA1C197AA000A5434C /* Man.h */ = {isa = PBXFileReference; fileEncoding = 4; lastKnownFileType = sourcecode.c.h; path = Man.h; sourceTree = "<group>"; };
		CCC786FB1C197AA000A5434C /* Man.m */ = {isa = PBXFileReference; fileEncoding = 4; lastKnownFileType = sourcecode.c.objc; path = Man.m; sourceTree = "<group>"; };
		CCC786FD1C199E9800A5434C /* Woman.h */ = {isa = PBXFileReference; fileEncoding = 4; lastKnownFileType = sourcecode.c.h; path = Woman.h; sourceTree = "<group>"; };
		CCC786FE1C199E9800A5434C /* Woman.m */ = {isa = PBXFileReference; fileEncoding = 4; lastKnownFileType = sourcecode.c.objc; path = Woman.m; sourceTree = "<group>"; };
/* End PBXFileReference section */

/* Begin PBXFrameworksBuildPhase section */
		CCC786ED1C197A5B00A5434C /* Frameworks */ = {
			isa = PBXFrameworksBuildPhase;
			buildActionMask = 2147483647;
			files = (
			);
			runOnlyForDeploymentPostprocessing = 0;
		};
/* End PBXFrameworksBuildPhase section */

/* Begin PBXGroup section */
		CCC786E71C197A5B00A5434C = {
			isa = PBXGroup;
			children = (
				CCC786F21C197A5B00A5434C /* 对象所有权 */,
				CCC786F11C197A5B00A5434C /* Products */,
			);
			sourceTree = "<group>";
		};
		CCC786F11C197A5B00A5434C /* Products */ = {
			isa = PBXGroup;
			children = (
				CCC786F01C197A5B00A5434C /* 对象所有权 */,
			);
			name = Products;
			sourceTree = "<group>";
		};
		CCC786F21C197A5B00A5434C /* 对象所有权 */ = {
			isa = PBXGroup;
			children = (
				CCC786F31C197A5B00A5434C /* main.m */,
				CCC786FA1C197AA000A5434C /* Man.h */,
				CCC786FB1C197AA000A5434C /* Man.m */,
				CCC786FD1C199E9800A5434C /* Woman.h */,
				CCC786FE1C199E9800A5434C /* Woman.m */,
			);
			path = "对象所有权";
			sourceTree = "<group>";
		};
/* End PBXGroup section */

/* Begin PBXNativeTarget section */
		CCC786EF1C197A5B00A5434C /* 对象所有权 */ = {
			isa = PBXNativeTarget;
			buildConfigurationList = CCC786F71C197A5B00A5434C /* Build configuration list for PBXNativeTarget "对象所有权" */;
			buildPhases = (
				CCC786EC1C197A5B00A5434C /* Sources */,
				CCC786ED1C197A5B00A5434C /* Frameworks */,
				CCC786EE1C197A5B00A5434C /* CopyFiles */,
			);
			buildRules = (
			);
			dependencies = (
			);
			name = "对象所有权";
			productName = "对象所有权";
			productReference = CCC786F01C197A5B00A5434C /* 对象所有权 */;
			productType = "com.apple.product-type.tool";
		};
/* End PBXNativeTarget section */

/* Begin PBXProject section */
		CCC786E81C197A5B00A5434C /* Project object */ = {
			isa = PBXProject;
			attributes = {
				LastUpgradeCheck = 0630;
				ORGANIZATIONNAME = qingyun;
				TargetAttributes = {
					CCC786EF1C197A5B00A5434C = {
						CreatedOnToolsVersion = 6.3;
					};
				};
			};
			buildConfigurationList = CCC786EB1C197A5B00A5434C /* Build configuration list for PBXProject "对象所有权" */;
			compatibilityVersion = "Xcode 3.2";
			developmentRegion = English;
			hasScannedForEncodings = 0;
			knownRegions = (
				en,
			);
			mainGroup = CCC786E71C197A5B00A5434C;
			productRefGroup = CCC786F11C197A5B00A5434C /* Products */;
			projectDirPath = "";
			projectRoot = "";
			targets = (
				CCC786EF1C197A5B00A5434C /* 对象所有权 */,
			);
		};
/* End PBXProject section */

/* Begin PBXSourcesBuildPhase section */
		CCC786EC1C197A5B00A5434C /* Sources */ = {
			isa = PBXSourcesBuildPhase;
			buildActionMask = 2147483647;
			files = (
				CCC786FF1C199E9800A5434C /* Woman.m in Sources */,
				CCC786FC1C197AA000A5434C /* Man.m in Sources */,
				CCC786F41C197A5B00A5434C /* main.m in Sources */,
			);
			runOnlyForDeploymentPostprocessing = 0;
		};
/* End PBXSourcesBuildPhase section */

/* Begin XCBuildConfiguration section */
		CCC786F51C197A5B00A5434C /* Debug */ = {
			isa = XCBuildConfiguration;
			buildSettings = {
				ALWAYS_SEARCH_USER_PATHS = NO;
				CLANG_CXX_LANGUAGE_STANDARD = "gnu++0x";
				CLANG_CXX_LIBRARY = "libc++";
				CLANG_ENABLE_MODULES = YES;
				CLANG_ENABLE_OBJC_ARC = NO;
				CLANG_WARN_BOOL_CONVERSION = YES;
				CLANG_WARN_CONSTANT_CONVERSION = YES;
				CLANG_WARN_DIRECT_OBJC_ISA_USAGE = YES_ERROR;
				CLANG_WARN_EMPTY_BODY = YES;
				CLANG_WARN_ENUM_CONVERSION = YES;
				CLANG_WARN_INT_CONVERSION = YES;
				CLANG_WARN_OBJC_ROOT_CLASS = YES_ERROR;
				CLANG_WARN_UNREACHABLE_CODE = YES;
				CLANG_WARN__DUPLICATE_METHOD_MATCH = YES;
				COPY_PHASE_STRIP = NO;
				DEBUG_INFORMATION_FORMAT = dwarf;
				ENABLE_STRICT_OBJC_MSGSEND = YES;
				GCC_C_LANGUAGE_STANDARD = gnu99;
				GCC_DYNAMIC_NO_PIC = NO;
				GCC_NO_COMMON_BLOCKS = YES;
				GCC_OPTIMIZATION_LEVEL = 0;
				GCC_PREPROCESSOR_DEFINITIONS = (
					"DEBUG=1",
					"$(inherited)",
				);
				GCC_SYMBOLS_PRIVATE_EXTERN = NO;
				GCC_WARN_64_TO_32_BIT_CONVERSION = YES;
				GCC_WARN_ABOUT_RETURN_TYPE = YES_ERROR;
				GCC_WARN_UNDECLARED_SELECTOR = YES;
				GCC_WARN_UNINITIALIZED_AUTOS = YES_AGGRESSIVE;
				GCC_WARN_UNUSED_FUNCTION = YES;
				GCC_WARN_UNUSED_VARIABLE = YES;
				MACOSX_DEPLOYMENT_TARGET = 10.10;
				MTL_ENABLE_DEBUG_INFO = YES;
				ONLY_ACTIVE_ARCH = YES;
				SDKROOT = macosx;
			};
			name = Debug;
		};
		CCC786F61C197A5B00A5434C /* Release */ = {
			isa = XCBuildConfiguration;
			buildSettings = {
				ALWAYS_SEARCH_USER_PATHS = NO;
				CLANG_CXX_LANGUAGE_STANDARD = "gnu++0x";
				CLANG_CXX_LIBRARY = "libc++";
				CLANG_ENABLE_MODULES = YES;
				CLANG_ENABLE_OBJC_ARC = NO;
				CLANG_WARN_BOOL_CONVERSION = YES;
				CLANG_WARN_CONSTANT_CONVERSION = YES;
				CLANG_WARN_DIRECT_OBJC_ISA_USAGE = YES_ERROR;
				CLANG_WARN_EMPTY_BODY = YES;
				CLANG_WARN_ENUM_CONVERSION = YES;
				CLANG_WARN_INT_CONVERSION = YES;
				CLANG_WARN_OBJC_ROOT_CLASS = YES_ERROR;
				CLANG_WARN_UNREACHABLE_CODE = YES;
				CLANG_WARN__DUPLICATE_METHOD_MATCH = YES;
				COPY_PHASE_STRIP = NO;
				DEBUG_INFORMATION_FORMAT = "dwarf-with-dsym";
				ENABLE_NS_ASSERTIONS = NO;
				ENABLE_STRICT_OBJC_MSGSEND = YES;
				GCC_C_LANGUAGE_STANDARD = gnu99;
				GCC_NO_COMMON_BLOCKS = YES;
				GCC_WARN_64_TO_32_BIT_CONVERSION = YES;
				GCC_WARN_ABOUT_RETURN_TYPE = YES_ERROR;
				GCC_WARN_UNDECLARED_SELECTOR = YES;
				GCC_WARN_UNINITIALIZED_AUTOS = YES_AGGRESSIVE;
				GCC_WARN_UNUSED_FUNCTION = YES;
				GCC_WARN_UNUSED_VARIABLE = YES;
				MACOSX_DEPLOYMENT_TARGET = 10.10;
				MTL_ENABLE_DEBUG_INFO = NO;
				SDKROOT = macosx;
			};
			name = Release;
		};
		CCC786F81C197A5B00A5434C /* Debug */ = {
			isa = XCBuildConfiguration;
			buildSettings = {
				PRODUCT_NAME = "$(TARGET_NAME)";
			};
			name = Debug;
		};
		CCC786F91C197A5B00A5434C /* Release */ = {
			isa = XCBuildConfiguration;
			buildSettings = {
				PRODUCT_NAME = "$(TARGET_NAME)";
			};
			name = Release;
		};
/* End XCBuildConfiguration section */

/* Begin XCConfigurationList section */
		CCC786EB1C197A5B00A5434C /* Build configuration list for PBXProject "对象所有权" */ = {
			isa = XCConfigurationList;
			buildConfigurations = (
				CCC786F51C197A5B00A5434C /* Debug */,
				CCC786F61C197A5B00A5434C /* Release */,
			);
			defaultConfigurationIsVisible = 0;
			defaultConfigurationName = Release;
		};
		CCC786F71C197A5B00A5434C /* Build configuration list for PBXNativeTarget "对象所有权" */ = {
			isa = XCConfigurationList;
			buildConfigurations = (
				CCC786F81C197A5B00A5434C /* Debug */,
				CCC786F91C197A5B00A5434C /* Release */,
			);
			defaultConfigurationIsVisible = 0;
			defaultConfigurationName = Release;
		};
/* End XCConfigurationList section */
	};
	rootObject = CCC786E81C197A5B00A5434C /* Project object */;
}
