// !$*UTF8*$!
{
	archiveVersion = 1;
	classes = {
	};
	objectVersion = 46;
	objects = {

/* Begin PBXBuildFile section */
		CCCBCBA21C1EC7F1009126B7 /* main.m in Sources */ = {isa = PBXBuildFile; fileRef = CCCBCBA11C1EC7F1009126B7 /* main.m */; };
		CCCBCBAA1C1EC81F009126B7 /* QYPerson.m in Sources */ = {isa = PBXBuildFile; fileRef = CCCBCBA91C1EC81F009126B7 /* QYPerson.m */; };
/* End PBXBuildFile section */

/* Begin PBXCopyFilesBuildPhase section */
		CCCBCB9C1C1EC7F1009126B7 /* CopyFiles */ = {
			isa = PBXCopyFilesBuildPhase;
			buildActionMask = 2147483647;
			dstPath = /usr/share/man/man1/;
			dstSubfolderSpec = 0;
			files = (
			);
			runOnlyForDeploymentPostprocessing = 1;
		};
/* End PBXCopyFilesBuildPhase section */

/* Begin PBXFileReference section */
		CCCBCB9E1C1EC7F1009126B7 /* PrivateAPIDemo */ = {isa = PBXFileReference; explicitFileType = "compiled.mach-o.executable"; includeInIndex = 0; path = PrivateAPIDemo; sourceTree = BUILT_PRODUCTS_DIR; };
		CCCBCBA11C1EC7F1009126B7 /* main.m */ = {isa = PBXFileReference; lastKnownFileType = sourcecode.c.objc; path = main.m; sourceTree = "<group>"; };
		CCCBCBA81C1EC81F009126B7 /* QYPerson.h */ = {isa = PBXFileReference; fileEncoding = 4; lastKnownFileType = sourcecode.c.h; path = QYPerson.h; sourceTree = "<group>"; };
		CCCBCBA91C1EC81F009126B7 /* QYPerson.m */ = {isa = PBXFileReference; fileEncoding = 4; lastKnownFileType = sourcecode.c.objc; path = QYPerson.m; sourceTree = "<group>"; };
		CCCBCBAB1C1EC83C009126B7 /* QYPerson+Money.h */ = {isa = PBXFileReference; fileEncoding = 4; lastKnownFileType = sourcecode.c.h; path = "QYPerson+Money.h"; sourceTree = "<group>"; };
/* End PBXFileReference section */

/* Begin PBXFrameworksBuildPhase section */
		CCCBCB9B1C1EC7F1009126B7 /* Frameworks */ = {
			isa = PBXFrameworksBuildPhase;
			buildActionMask = 2147483647;
			files = (
			);
			runOnlyForDeploymentPostprocessing = 0;
		};
/* End PBXFrameworksBuildPhase section */

/* Begin PBXGroup section */
		CCCBCB951C1EC7F1009126B7 = {
			isa = PBXGroup;
			children = (
				CCCBCBA01C1EC7F1009126B7 /* PrivateAPIDemo */,
				CCCBCB9F1C1EC7F1009126B7 /* Products */,
			);
			sourceTree = "<group>";
		};
		CCCBCB9F1C1EC7F1009126B7 /* Products */ = {
			isa = PBXGroup;
			children = (
				CCCBCB9E1C1EC7F1009126B7 /* PrivateAPIDemo */,
			);
			name = Products;
			sourceTree = "<group>";
		};
		CCCBCBA01C1EC7F1009126B7 /* PrivateAPIDemo */ = {
			isa = PBXGroup;
			children = (
				CCCBCBA11C1EC7F1009126B7 /* main.m */,
				CCCBCBA81C1EC81F009126B7 /* QYPerson.h */,
				CCCBCBA91C1EC81F009126B7 /* QYPerson.m */,
				CCCBCBAB1C1EC83C009126B7 /* QYPerson+Money.h */,
			);
			path = PrivateAPIDemo;
			sourceTree = "<group>";
		};
/* End PBXGroup section */

/* Begin PBXNativeTarget section */
		CCCBCB9D1C1EC7F1009126B7 /* PrivateAPIDemo */ = {
			isa = PBXNativeTarget;
			buildConfigurationList = CCCBCBA51C1EC7F1009126B7 /* Build configuration list for PBXNativeTarget "PrivateAPIDemo" */;
			buildPhases = (
				CCCBCB9A1C1EC7F1009126B7 /* Sources */,
				CCCBCB9B1C1EC7F1009126B7 /* Frameworks */,
				CCCBCB9C1C1EC7F1009126B7 /* CopyFiles */,
			);
			buildRules = (
			);
			dependencies = (
			);
			name = PrivateAPIDemo;
			productName = PrivateAPIDemo;
			productReference = CCCBCB9E1C1EC7F1009126B7 /* PrivateAPIDemo */;
			productType = "com.apple.product-type.tool";
		};
/* End PBXNativeTarget section */

/* Begin PBXProject section */
		CCCBCB961C1EC7F1009126B7 /* Project object */ = {
			isa = PBXProject;
			attributes = {
				LastUpgradeCheck = 0630;
				ORGANIZATIONNAME = qingyun;
				TargetAttributes = {
					CCCBCB9D1C1EC7F1009126B7 = {
						CreatedOnToolsVersion = 6.3;
					};
				};
			};
			buildConfigurationList = CCCBCB991C1EC7F1009126B7 /* Build configuration list for PBXProject "PrivateAPIDemo" */;
			compatibilityVersion = "Xcode 3.2";
			developmentRegion = English;
			hasScannedForEncodings = 0;
			knownRegions = (
				en,
			);
			mainGroup = CCCBCB951C1EC7F1009126B7;
			productRefGroup = CCCBCB9F1C1EC7F1009126B7 /* Products */;
			projectDirPath = "";
			projectRoot = "";
			targets = (
				CCCBCB9D1C1EC7F1009126B7 /* PrivateAPIDemo */,
			);
		};
/* End PBXProject section */

/* Begin PBXSourcesBuildPhase section */
		CCCBCB9A1C1EC7F1009126B7 /* Sources */ = {
			isa = PBXSourcesBuildPhase;
			buildActionMask = 2147483647;
			files = (
				CCCBCBAA1C1EC81F009126B7 /* QYPerson.m in Sources */,
				CCCBCBA21C1EC7F1009126B7 /* main.m in Sources */,
			);
			runOnlyForDeploymentPostprocessing = 0;
		};
/* End PBXSourcesBuildPhase section */

/* Begin XCBuildConfiguration section */
		CCCBCBA31C1EC7F1009126B7 /* Debug */ = {
			isa = XCBuildConfiguration;
			buildSettings = {
				ALWAYS_SEARCH_USER_PATHS = NO;
				CLANG_CXX_LANGUAGE_STANDARD = "gnu++0x";
				CLANG_CXX_LIBRARY = "libc++";
				CLANG_ENABLE_MODULES = YES;
				CLANG_ENABLE_OBJC_ARC = YES;
				CLANG_WARN_BOOL_CONVERSION = YES;
				CLANG_WARN_CONSTANT_CONVERSION = YES;
				CLANG_WARN_DIRECT_OBJC_ISA_USAGE = YES_ERROR;
				CLANG_WARN_EMPTY_BODY = YES;
				CLANG_WARN_ENUM_CONVERSION = YES;
				CLANG_WARN_INT_CONVERSION = YES;
				CLANG_WARN_OBJC_ROOT_CLASS = YES_ERROR;
				CLANG_WARN_UNREACHABLE_CODE = YES;
				CLANG_WARN__DUPLICATE_METHOD_MATCH = YES;
				COPY_PHASE_STRIP = NO;
				DEBUG_INFORMATION_FORMAT = dwarf;
				ENABLE_STRICT_OBJC_MSGSEND = YES;
				GCC_C_LANGUAGE_STANDARD = gnu99;
				GCC_DYNAMIC_NO_PIC = NO;
				GCC_NO_COMMON_BLOCKS = YES;
				GCC_OPTIMIZATION_LEVEL = 0;
				GCC_PREPROCESSOR_DEFINITIONS = (
					"DEBUG=1",
					"$(inherited)",
				);
				GCC_SYMBOLS_PRIVATE_EXTERN = NO;
				GCC_WARN_64_TO_32_BIT_CONVERSION = YES;
				GCC_WARN_ABOUT_RETURN_TYPE = YES_ERROR;
				GCC_WARN_UNDECLARED_SELECTOR = YES;
				GCC_WARN_UNINITIALIZED_AUTOS = YES_AGGRESSIVE;
				GCC_WARN_UNUSED_FUNCTION = YES;
				GCC_WARN_UNUSED_VARIABLE = YES;
				MACOSX_DEPLOYMENT_TARGET = 10.10;
				MTL_ENABLE_DEBUG_INFO = YES;
				ONLY_ACTIVE_ARCH = YES;
				SDKROOT = macosx;
			};
			name = Debug;
		};
		CCCBCBA41C1EC7F1009126B7 /* Release */ = {
			isa = XCBuildConfiguration;
			buildSettings = {
				ALWAYS_SEARCH_USER_PATHS = NO;
				CLANG_CXX_LANGUAGE_STANDARD = "gnu++0x";
				CLANG_CXX_LIBRARY = "libc++";
				CLANG_ENABLE_MODULES = YES;
				CLANG_ENABLE_OBJC_ARC = YES;
				CLANG_WARN_BOOL_CONVERSION = YES;
				CLANG_WARN_CONSTANT_CONVERSION = YES;
				CLANG_WARN_DIRECT_OBJC_ISA_USAGE = YES_ERROR;
				CLANG_WARN_EMPTY_BODY = YES;
				CLANG_WARN_ENUM_CONVERSION = YES;
				CLANG_WARN_INT_CONVERSION = YES;
				CLANG_WARN_OBJC_ROOT_CLASS = YES_ERROR;
				CLANG_WARN_UNREACHABLE_CODE = YES;
				CLANG_WARN__DUPLICATE_METHOD_MATCH = YES;
				COPY_PHASE_STRIP = NO;
				DEBUG_INFORMATION_FORMAT = "dwarf-with-dsym";
				ENABLE_NS_ASSERTIONS = NO;
				ENABLE_STRICT_OBJC_MSGSEND = YES;
				GCC_C_LANGUAGE_STANDARD = gnu99;
				GCC_NO_COMMON_BLOCKS = YES;
				GCC_WARN_64_TO_32_BIT_CONVERSION = YES;
				GCC_WARN_ABOUT_RETURN_TYPE = YES_ERROR;
				GCC_WARN_UNDECLARED_SELECTOR = YES;
				GCC_WARN_UNINITIALIZED_AUTOS = YES_AGGRESSIVE;
				GCC_WARN_UNUSED_FUNCTION = YES;
				GCC_WARN_UNUSED_VARIABLE = YES;
				MACOSX_DEPLOYMENT_TARGET = 10.10;
				MTL_ENABLE_DEBUG_INFO = NO;
				SDKROOT = macosx;
			};
			name = Release;
		};
		CCCBCBA61C1EC7F1009126B7 /* Debug */ = {
			isa = XCBuildConfiguration;
			buildSettings = {
				PRODUCT_NAME = "$(TARGET_NAME)";
			};
			name = Debug;
		};
		CCCBCBA71C1EC7F1009126B7 /* Release */ = {
			isa = XCBuildConfiguration;
			buildSettings = {
				PRODUCT_NAME = "$(TARGET_NAME)";
			};
			name = Release;
		};
/* End XCBuildConfiguration section */

/* Begin XCConfigurationList section */
		CCCBCB991C1EC7F1009126B7 /* Build configuration list for PBXProject "PrivateAPIDemo" */ = {
			isa = XCConfigurationList;
			buildConfigurations = (
				CCCBCBA31C1EC7F1009126B7 /* Debug */,
				CCCBCBA41C1EC7F1009126B7 /* Release */,
			);
			defaultConfigurationIsVisible = 0;
			defaultConfigurationName = Release;
		};
		CCCBCBA51C1EC7F1009126B7 /* Build configuration list for PBXNativeTarget "PrivateAPIDemo" */ = {
			isa = XCConfigurationList;
			buildConfigurations = (
				CCCBCBA61C1EC7F1009126B7 /* Debug */,
				CCCBCBA71C1EC7F1009126B7 /* Release */,
			);
			defaultConfigurationIsVisible = 0;
		};
/* End XCConfigurationList section */
	};
	rootObject = CCCBCB961C1EC7F1009126B7 /* Project object */;
}
