// !$*UTF8*$!
{
	archiveVersion = 1;
	classes = {
	};
	objectVersion = 46;
	objects = {

/* Begin PBXBuildFile section */
		CCCBCB601C1EADC1009126B7 /* main.m in Sources */ = {isa = PBXBuildFile; fileRef = CCCBCB5F1C1EADC1009126B7 /* main.m */; };
		CCCBCB6B1C1EAFB8009126B7 /* QYPerson.m in Sources */ = {isa = PBXBuildFile; fileRef = CCCBCB6A1C1EAFB8009126B7 /* QYPerson.m */; };
		CCCBCB851C1EBDBE009126B7 /* QYPerson+eat.m in Sources */ = {isa = PBXBuildFile; fileRef = CCCBCB841C1EBDBE009126B7 /* QYPerson+eat.m */; };
		CCCBCB881C1EBFA6009126B7 /* NSString+Length.m in Sources */ = {isa = PBXBuildFile; fileRef = CCCBCB871C1EBFA6009126B7 /* NSString+Length.m */; };
/* End PBXBuildFile section */

/* Begin PBXCopyFilesBuildPhase section */
		CCCBCB5A1C1EADC1009126B7 /* CopyFiles */ = {
			isa = PBXCopyFilesBuildPhase;
			buildActionMask = 2147483647;
			dstPath = /usr/share/man/man1/;
			dstSubfolderSpec = 0;
			files = (
			);
			runOnlyForDeploymentPostprocessing = 1;
		};
/* End PBXCopyFilesBuildPhase section */

/* Begin PBXFileReference section */
		CCCBCB5C1C1EADC1009126B7 /* CategoryConflictDemo */ = {isa = PBXFileReference; explicitFileType = "compiled.mach-o.executable"; includeInIndex = 0; path = CategoryConflictDemo; sourceTree = BUILT_PRODUCTS_DIR; };
		CCCBCB5F1C1EADC1009126B7 /* main.m */ = {isa = PBXFileReference; lastKnownFileType = sourcecode.c.objc; path = main.m; sourceTree = "<group>"; };
		CCCBCB691C1EAFB8009126B7 /* QYPerson.h */ = {isa = PBXFileReference; fileEncoding = 4; lastKnownFileType = sourcecode.c.h; path = QYPerson.h; sourceTree = "<group>"; };
		CCCBCB6A1C1EAFB8009126B7 /* QYPerson.m */ = {isa = PBXFileReference; fileEncoding = 4; lastKnownFileType = sourcecode.c.objc; path = QYPerson.m; sourceTree = "<group>"; };
		CCCBCB831C1EBDBE009126B7 /* QYPerson+eat.h */ = {isa = PBXFileReference; fileEncoding = 4; lastKnownFileType = sourcecode.c.h; path = "QYPerson+eat.h"; sourceTree = "<group>"; };
		CCCBCB841C1EBDBE009126B7 /* QYPerson+eat.m */ = {isa = PBXFileReference; fileEncoding = 4; lastKnownFileType = sourcecode.c.objc; path = "QYPerson+eat.m"; sourceTree = "<group>"; };
		CCCBCB861C1EBFA6009126B7 /* NSString+Length.h */ = {isa = PBXFileReference; fileEncoding = 4; lastKnownFileType = sourcecode.c.h; path = "NSString+Length.h"; sourceTree = "<group>"; };
		CCCBCB871C1EBFA6009126B7 /* NSString+Length.m */ = {isa = PBXFileReference; fileEncoding = 4; lastKnownFileType = sourcecode.c.objc; path = "NSString+Length.m"; sourceTree = "<group>"; };
/* End PBXFileReference section */

/* Begin PBXFrameworksBuildPhase section */
		CCCBCB591C1EADC1009126B7 /* Frameworks */ = {
			isa = PBXFrameworksBuildPhase;
			buildActionMask = 2147483647;
			files = (
			);
			runOnlyForDeploymentPostprocessing = 0;
		};
/* End PBXFrameworksBuildPhase section */

/* Begin PBXGroup section */
		CCCBCB531C1EADC0009126B7 = {
			isa = PBXGroup;
			children = (
				CCCBCB5E1C1EADC1009126B7 /* CategoryConflictDemo */,
				CCCBCB5D1C1EADC1009126B7 /* Products */,
			);
			sourceTree = "<group>";
		};
		CCCBCB5D1C1EADC1009126B7 /* Products */ = {
			isa = PBXGroup;
			children = (
				CCCBCB5C1C1EADC1009126B7 /* CategoryConflictDemo */,
			);
			name = Products;
			sourceTree = "<group>";
		};
		CCCBCB5E1C1EADC1009126B7 /* CategoryConflictDemo */ = {
			isa = PBXGroup;
			children = (
				CCCBCB5F1C1EADC1009126B7 /* main.m */,
				CCCBCB691C1EAFB8009126B7 /* QYPerson.h */,
				CCCBCB6A1C1EAFB8009126B7 /* QYPerson.m */,
				CCCBCB861C1EBFA6009126B7 /* NSString+Length.h */,
				CCCBCB871C1EBFA6009126B7 /* NSString+Length.m */,
				CCCBCB831C1EBDBE009126B7 /* QYPerson+eat.h */,
				CCCBCB841C1EBDBE009126B7 /* QYPerson+eat.m */,
			);
			path = CategoryConflictDemo;
			sourceTree = "<group>";
		};
/* End PBXGroup section */

/* Begin PBXNativeTarget section */
		CCCBCB5B1C1EADC1009126B7 /* CategoryConflictDemo */ = {
			isa = PBXNativeTarget;
			buildConfigurationList = CCCBCB631C1EADC1009126B7 /* Build configuration list for PBXNativeTarget "CategoryConflictDemo" */;
			buildPhases = (
				CCCBCB581C1EADC1009126B7 /* Sources */,
				CCCBCB591C1EADC1009126B7 /* Frameworks */,
				CCCBCB5A1C1EADC1009126B7 /* CopyFiles */,
			);
			buildRules = (
			);
			dependencies = (
			);
			name = CategoryConflictDemo;
			productName = CategoryConflictDemo;
			productReference = CCCBCB5C1C1EADC1009126B7 /* CategoryConflictDemo */;
			productType = "com.apple.product-type.tool";
		};
/* End PBXNativeTarget section */

/* Begin PBXProject section */
		CCCBCB541C1EADC0009126B7 /* Project object */ = {
			isa = PBXProject;
			attributes = {
				LastUpgradeCheck = 0630;
				ORGANIZATIONNAME = qingyun;
				TargetAttributes = {
					CCCBCB5B1C1EADC1009126B7 = {
						CreatedOnToolsVersion = 6.3;
					};
				};
			};
			buildConfigurationList = CCCBCB571C1EADC0009126B7 /* Build configuration list for PBXProject "CategoryConflictDemo" */;
			compatibilityVersion = "Xcode 3.2";
			developmentRegion = English;
			hasScannedForEncodings = 0;
			knownRegions = (
				en,
			);
			mainGroup = CCCBCB531C1EADC0009126B7;
			productRefGroup = CCCBCB5D1C1EADC1009126B7 /* Products */;
			projectDirPath = "";
			projectRoot = "";
			targets = (
				CCCBCB5B1C1EADC1009126B7 /* CategoryConflictDemo */,
			);
		};
/* End PBXProject section */

/* Begin PBXSourcesBuildPhase section */
		CCCBCB581C1EADC1009126B7 /* Sources */ = {
			isa = PBXSourcesBuildPhase;
			buildActionMask = 2147483647;
			files = (
				CCCBCB6B1C1EAFB8009126B7 /* QYPerson.m in Sources */,
				CCCBCB881C1EBFA6009126B7 /* NSString+Length.m in Sources */,
				CCCBCB601C1EADC1009126B7 /* main.m in Sources */,
				CCCBCB851C1EBDBE009126B7 /* QYPerson+eat.m in Sources */,
			);
			runOnlyForDeploymentPostprocessing = 0;
		};
/* End PBXSourcesBuildPhase section */

/* Begin XCBuildConfiguration section */
		CCCBCB611C1EADC1009126B7 /* Debug */ = {
			isa = XCBuildConfiguration;
			buildSettings = {
				ALWAYS_SEARCH_USER_PATHS = NO;
				CLANG_CXX_LANGUAGE_STANDARD = "gnu++0x";
				CLANG_CXX_LIBRARY = "libc++";
				CLANG_ENABLE_MODULES = YES;
				CLANG_ENABLE_OBJC_ARC = YES;
				CLANG_WARN_BOOL_CONVERSION = YES;
				CLANG_WARN_CONSTANT_CONVERSION = YES;
				CLANG_WARN_DIRECT_OBJC_ISA_USAGE = YES_ERROR;
				CLANG_WARN_EMPTY_BODY = YES;
				CLANG_WARN_ENUM_CONVERSION = YES;
				CLANG_WARN_INT_CONVERSION = YES;
				CLANG_WARN_OBJC_ROOT_CLASS = YES_ERROR;
				CLANG_WARN_UNREACHABLE_CODE = YES;
				CLANG_WARN__DUPLICATE_METHOD_MATCH = YES;
				COPY_PHASE_STRIP = NO;
				DEBUG_INFORMATION_FORMAT = dwarf;
				ENABLE_STRICT_OBJC_MSGSEND = YES;
				GCC_C_LANGUAGE_STANDARD = gnu99;
				GCC_DYNAMIC_NO_PIC = NO;
				GCC_NO_COMMON_BLOCKS = YES;
				GCC_OPTIMIZATION_LEVEL = 0;
				GCC_PREPROCESSOR_DEFINITIONS = (
					"DEBUG=1",
					"$(inherited)",
				);
				GCC_SYMBOLS_PRIVATE_EXTERN = NO;
				GCC_WARN_64_TO_32_BIT_CONVERSION = YES;
				GCC_WARN_ABOUT_RETURN_TYPE = YES_ERROR;
				GCC_WARN_UNDECLARED_SELECTOR = YES;
				GCC_WARN_UNINITIALIZED_AUTOS = YES_AGGRESSIVE;
				GCC_WARN_UNUSED_FUNCTION = YES;
				GCC_WARN_UNUSED_VARIABLE = YES;
				MACOSX_DEPLOYMENT_TARGET = 10.10;
				MTL_ENABLE_DEBUG_INFO = YES;
				ONLY_ACTIVE_ARCH = YES;
				SDKROOT = macosx;
			};
			name = Debug;
		};
		CCCBCB621C1EADC1009126B7 /* Release */ = {
			isa = XCBuildConfiguration;
			buildSettings = {
				ALWAYS_SEARCH_USER_PATHS = NO;
				CLANG_CXX_LANGUAGE_STANDARD = "gnu++0x";
				CLANG_CXX_LIBRARY = "libc++";
				CLANG_ENABLE_MODULES = YES;
				CLANG_ENABLE_OBJC_ARC = YES;
				CLANG_WARN_BOOL_CONVERSION = YES;
				CLANG_WARN_CONSTANT_CONVERSION = YES;
				CLANG_WARN_DIRECT_OBJC_ISA_USAGE = YES_ERROR;
				CLANG_WARN_EMPTY_BODY = YES;
				CLANG_WARN_ENUM_CONVERSION = YES;
				CLANG_WARN_INT_CONVERSION = YES;
				CLANG_WARN_OBJC_ROOT_CLASS = YES_ERROR;
				CLANG_WARN_UNREACHABLE_CODE = YES;
				CLANG_WARN__DUPLICATE_METHOD_MATCH = YES;
				COPY_PHASE_STRIP = NO;
				DEBUG_INFORMATION_FORMAT = "dwarf-with-dsym";
				ENABLE_NS_ASSERTIONS = NO;
				ENABLE_STRICT_OBJC_MSGSEND = YES;
				GCC_C_LANGUAGE_STANDARD = gnu99;
				GCC_NO_COMMON_BLOCKS = YES;
				GCC_WARN_64_TO_32_BIT_CONVERSION = YES;
				GCC_WARN_ABOUT_RETURN_TYPE = YES_ERROR;
				GCC_WARN_UNDECLARED_SELECTOR = YES;
				GCC_WARN_UNINITIALIZED_AUTOS = YES_AGGRESSIVE;
				GCC_WARN_UNUSED_FUNCTION = YES;
				GCC_WARN_UNUSED_VARIABLE = YES;
				MACOSX_DEPLOYMENT_TARGET = 10.10;
				MTL_ENABLE_DEBUG_INFO = NO;
				SDKROOT = macosx;
			};
			name = Release;
		};
		CCCBCB641C1EADC1009126B7 /* Debug */ = {
			isa = XCBuildConfiguration;
			buildSettings = {
				PRODUCT_NAME = "$(TARGET_NAME)";
			};
			name = Debug;
		};
		CCCBCB651C1EADC1009126B7 /* Release */ = {
			isa = XCBuildConfiguration;
			buildSettings = {
				PRODUCT_NAME = "$(TARGET_NAME)";
			};
			name = Release;
		};
/* End XCBuildConfiguration section */

/* Begin XCConfigurationList section */
		CCCBCB571C1EADC0009126B7 /* Build configuration list for PBXProject "CategoryConflictDemo" */ = {
			isa = XCConfigurationList;
			buildConfigurations = (
				CCCBCB611C1EADC1009126B7 /* Debug */,
				CCCBCB621C1EADC1009126B7 /* Release */,
			);
			defaultConfigurationIsVisible = 0;
			defaultConfigurationName = Release;
		};
		CCCBCB631C1EADC1009126B7 /* Build configuration list for PBXNativeTarget "CategoryConflictDemo" */ = {
			isa = XCConfigurationList;
			buildConfigurations = (
				CCCBCB641C1EADC1009126B7 /* Debug */,
				CCCBCB651C1EADC1009126B7 /* Release */,
			);
			defaultConfigurationIsVisible = 0;
		};
/* End XCConfigurationList section */
	};
	rootObject = CCCBCB541C1EADC0009126B7 /* Project object */;
}
