// !$*UTF8*$!
{
	archiveVersion = 1;
	classes = {
	};
	objectVersion = 46;
	objects = {

/* Begin PBXBuildFile section */
		CCAC08DE1C23E25D003D644F /* main.m in Sources */ = {isa = PBXBuildFile; fileRef = CCAC08DD1C23E25D003D644F /* main.m */; };
		CCAC08E61C23E6B5003D644F /* QYPerson.m in Sources */ = {isa = PBXBuildFile; fileRef = CCAC08E51C23E6B5003D644F /* QYPerson.m */; };
/* End PBXBuildFile section */

/* Begin PBXCopyFilesBuildPhase section */
		CCAC08D81C23E25D003D644F /* CopyFiles */ = {
			isa = PBXCopyFilesBuildPhase;
			buildActionMask = 2147483647;
			dstPath = /usr/share/man/man1/;
			dstSubfolderSpec = 0;
			files = (
			);
			runOnlyForDeploymentPostprocessing = 1;
		};
/* End PBXCopyFilesBuildPhase section */

/* Begin PBXFileReference section */
		CCAC08DA1C23E25D003D644F /* NSpredicateDemo */ = {isa = PBXFileReference; explicitFileType = "compiled.mach-o.executable"; includeInIndex = 0; path = NSpredicateDemo; sourceTree = BUILT_PRODUCTS_DIR; };
		CCAC08DD1C23E25D003D644F /* main.m */ = {isa = PBXFileReference; lastKnownFileType = sourcecode.c.objc; path = main.m; sourceTree = "<group>"; };
		CCAC08E41C23E6B5003D644F /* QYPerson.h */ = {isa = PBXFileReference; fileEncoding = 4; lastKnownFileType = sourcecode.c.h; path = QYPerson.h; sourceTree = "<group>"; };
		CCAC08E51C23E6B5003D644F /* QYPerson.m */ = {isa = PBXFileReference; fileEncoding = 4; lastKnownFileType = sourcecode.c.objc; path = QYPerson.m; sourceTree = "<group>"; };
/* End PBXFileReference section */

/* Begin PBXFrameworksBuildPhase section */
		CCAC08D71C23E25D003D644F /* Frameworks */ = {
			isa = PBXFrameworksBuildPhase;
			buildActionMask = 2147483647;
			files = (
			);
			runOnlyForDeploymentPostprocessing = 0;
		};
/* End PBXFrameworksBuildPhase section */

/* Begin PBXGroup section */
		CCAC08D11C23E25D003D644F = {
			isa = PBXGroup;
			children = (
				CCAC08DC1C23E25D003D644F /* NSpredicateDemo */,
				CCAC08DB1C23E25D003D644F /* Products */,
			);
			sourceTree = "<group>";
		};
		CCAC08DB1C23E25D003D644F /* Products */ = {
			isa = PBXGroup;
			children = (
				CCAC08DA1C23E25D003D644F /* NSpredicateDemo */,
			);
			name = Products;
			sourceTree = "<group>";
		};
		CCAC08DC1C23E25D003D644F /* NSpredicateDemo */ = {
			isa = PBXGroup;
			children = (
				CCAC08DD1C23E25D003D644F /* main.m */,
				CCAC08E41C23E6B5003D644F /* QYPerson.h */,
				CCAC08E51C23E6B5003D644F /* QYPerson.m */,
			);
			path = NSpredicateDemo;
			sourceTree = "<group>";
		};
/* End PBXGroup section */

/* Begin PBXNativeTarget section */
		CCAC08D91C23E25D003D644F /* NSpredicateDemo */ = {
			isa = PBXNativeTarget;
			buildConfigurationList = CCAC08E11C23E25D003D644F /* Build configuration list for PBXNativeTarget "NSpredicateDemo" */;
			buildPhases = (
				CCAC08D61C23E25D003D644F /* Sources */,
				CCAC08D71C23E25D003D644F /* Frameworks */,
				CCAC08D81C23E25D003D644F /* CopyFiles */,
			);
			buildRules = (
			);
			dependencies = (
			);
			name = NSpredicateDemo;
			productName = NSpredicateDemo;
			productReference = CCAC08DA1C23E25D003D644F /* NSpredicateDemo */;
			productType = "com.apple.product-type.tool";
		};
/* End PBXNativeTarget section */

/* Begin PBXProject section */
		CCAC08D21C23E25D003D644F /* Project object */ = {
			isa = PBXProject;
			attributes = {
				LastUpgradeCheck = 0630;
				ORGANIZATIONNAME = qingyun;
				TargetAttributes = {
					CCAC08D91C23E25D003D644F = {
						CreatedOnToolsVersion = 6.3;
					};
				};
			};
			buildConfigurationList = CCAC08D51C23E25D003D644F /* Build configuration list for PBXProject "NSpredicateDemo" */;
			compatibilityVersion = "Xcode 3.2";
			developmentRegion = English;
			hasScannedForEncodings = 0;
			knownRegions = (
				en,
			);
			mainGroup = CCAC08D11C23E25D003D644F;
			productRefGroup = CCAC08DB1C23E25D003D644F /* Products */;
			projectDirPath = "";
			projectRoot = "";
			targets = (
				CCAC08D91C23E25D003D644F /* NSpredicateDemo */,
			);
		};
/* End PBXProject section */

/* Begin PBXSourcesBuildPhase section */
		CCAC08D61C23E25D003D644F /* Sources */ = {
			isa = PBXSourcesBuildPhase;
			buildActionMask = 2147483647;
			files = (
				CCAC08E61C23E6B5003D644F /* QYPerson.m in Sources */,
				CCAC08DE1C23E25D003D644F /* main.m in Sources */,
			);
			runOnlyForDeploymentPostprocessing = 0;
		};
/* End PBXSourcesBuildPhase section */

/* Begin XCBuildConfiguration section */
		CCAC08DF1C23E25D003D644F /* Debug */ = {
			isa = XCBuildConfiguration;
			buildSettings = {
				ALWAYS_SEARCH_USER_PATHS = NO;
				CLANG_CXX_LANGUAGE_STANDARD = "gnu++0x";
				CLANG_CXX_LIBRARY = "libc++";
				CLANG_ENABLE_MODULES = YES;
				CLANG_ENABLE_OBJC_ARC = YES;
				CLANG_WARN_BOOL_CONVERSION = YES;
				CLANG_WARN_CONSTANT_CONVERSION = YES;
				CLANG_WARN_DIRECT_OBJC_ISA_USAGE = YES_ERROR;
				CLANG_WARN_EMPTY_BODY = YES;
				CLANG_WARN_ENUM_CONVERSION = YES;
				CLANG_WARN_INT_CONVERSION = YES;
				CLANG_WARN_OBJC_ROOT_CLASS = YES_ERROR;
				CLANG_WARN_UNREACHABLE_CODE = YES;
				CLANG_WARN__DUPLICATE_METHOD_MATCH = YES;
				COPY_PHASE_STRIP = NO;
				DEBUG_INFORMATION_FORMAT = dwarf;
				ENABLE_STRICT_OBJC_MSGSEND = YES;
				GCC_C_LANGUAGE_STANDARD = gnu99;
				GCC_DYNAMIC_NO_PIC = NO;
				GCC_NO_COMMON_BLOCKS = YES;
				GCC_OPTIMIZATION_LEVEL = 0;
				GCC_PREPROCESSOR_DEFINITIONS = (
					"DEBUG=1",
					"$(inherited)",
				);
				GCC_SYMBOLS_PRIVATE_EXTERN = NO;
				GCC_WARN_64_TO_32_BIT_CONVERSION = YES;
				GCC_WARN_ABOUT_RETURN_TYPE = YES_ERROR;
				GCC_WARN_UNDECLARED_SELECTOR = YES;
				GCC_WARN_UNINITIALIZED_AUTOS = YES_AGGRESSIVE;
				GCC_WARN_UNUSED_FUNCTION = YES;
				GCC_WARN_UNUSED_VARIABLE = YES;
				MACOSX_DEPLOYMENT_TARGET = 10.10;
				MTL_ENABLE_DEBUG_INFO = YES;
				ONLY_ACTIVE_ARCH = YES;
				SDKROOT = macosx;
			};
			name = Debug;
		};
		CCAC08E01C23E25D003D644F /* Release */ = {
			isa = XCBuildConfiguration;
			buildSettings = {
				ALWAYS_SEARCH_USER_PATHS = NO;
				CLANG_CXX_LANGUAGE_STANDARD = "gnu++0x";
				CLANG_CXX_LIBRARY = "libc++";
				CLANG_ENABLE_MODULES = YES;
				CLANG_ENABLE_OBJC_ARC = YES;
				CLANG_WARN_BOOL_CONVERSION = YES;
				CLANG_WARN_CONSTANT_CONVERSION = YES;
				CLANG_WARN_DIRECT_OBJC_ISA_USAGE = YES_ERROR;
				CLANG_WARN_EMPTY_BODY = YES;
				CLANG_WARN_ENUM_CONVERSION = YES;
				CLANG_WARN_INT_CONVERSION = YES;
				CLANG_WARN_OBJC_ROOT_CLASS = YES_ERROR;
				CLANG_WARN_UNREACHABLE_CODE = YES;
				CLANG_WARN__DUPLICATE_METHOD_MATCH = YES;
				COPY_PHASE_STRIP = NO;
				DEBUG_INFORMATION_FORMAT = "dwarf-with-dsym";
				ENABLE_NS_ASSERTIONS = NO;
				ENABLE_STRICT_OBJC_MSGSEND = YES;
				GCC_C_LANGUAGE_STANDARD = gnu99;
				GCC_NO_COMMON_BLOCKS = YES;
				GCC_WARN_64_TO_32_BIT_CONVERSION = YES;
				GCC_WARN_ABOUT_RETURN_TYPE = YES_ERROR;
				GCC_WARN_UNDECLARED_SELECTOR = YES;
				GCC_WARN_UNINITIALIZED_AUTOS = YES_AGGRESSIVE;
				GCC_WARN_UNUSED_FUNCTION = YES;
				GCC_WARN_UNUSED_VARIABLE = YES;
				MACOSX_DEPLOYMENT_TARGET = 10.10;
				MTL_ENABLE_DEBUG_INFO = NO;
				SDKROOT = macosx;
			};
			name = Release;
		};
		CCAC08E21C23E25D003D644F /* Debug */ = {
			isa = XCBuildConfiguration;
			buildSettings = {
				PRODUCT_NAME = "$(TARGET_NAME)";
			};
			name = Debug;
		};
		CCAC08E31C23E25D003D644F /* Release */ = {
			isa = XCBuildConfiguration;
			buildSettings = {
				PRODUCT_NAME = "$(TARGET_NAME)";
			};
			name = Release;
		};
/* End XCBuildConfiguration section */

/* Begin XCConfigurationList section */
		CCAC08D51C23E25D003D644F /* Build configuration list for PBXProject "NSpredicateDemo" */ = {
			isa = XCConfigurationList;
			buildConfigurations = (
				CCAC08DF1C23E25D003D644F /* Debug */,
				CCAC08E01C23E25D003D644F /* Release */,
			);
			defaultConfigurationIsVisible = 0;
			defaultConfigurationName = Release;
		};
		CCAC08E11C23E25D003D644F /* Build configuration list for PBXNativeTarget "NSpredicateDemo" */ = {
			isa = XCConfigurationList;
			buildConfigurations = (
				CCAC08E21C23E25D003D644F /* Debug */,
				CCAC08E31C23E25D003D644F /* Release */,
			);
			defaultConfigurationIsVisible = 0;
		};
/* End XCConfigurationList section */
	};
	rootObject = CCAC08D21C23E25D003D644F /* Project object */;
}
