// !$*UTF8*$!
{
	archiveVersion = 1;
	classes = {
	};
	objectVersion = 46;
	objects = {

/* Begin PBXBuildFile section */
		CCD0A0691C15322A0004F37D /* main.m in Sources */ = {isa = PBXBuildFile; fileRef = CCD0A0681C15322A0004F37D /* main.m */; };
		CCD0A0711C1538700004F37D /* Car.m in Sources */ = {isa = PBXBuildFile; fileRef = CCD0A0701C1538700004F37D /* Car.m */; };
		CCD0A0741C1538920004F37D /* Engine.m in Sources */ = {isa = PBXBuildFile; fileRef = CCD0A0731C1538920004F37D /* Engine.m */; };
		CCD0A0771C1538B40004F37D /* Tire.m in Sources */ = {isa = PBXBuildFile; fileRef = CCD0A0761C1538B40004F37D /* Tire.m */; };
/* End PBXBuildFile section */

/* Begin PBXCopyFilesBuildPhase section */
		CCD0A0631C15322A0004F37D /* CopyFiles */ = {
			isa = PBXCopyFilesBuildPhase;
			buildActionMask = 2147483647;
			dstPath = /usr/share/man/man1/;
			dstSubfolderSpec = 0;
			files = (
			);
			runOnlyForDeploymentPostprocessing = 1;
		};
/* End PBXCopyFilesBuildPhase section */

/* Begin PBXFileReference section */
		CCD0A0651C15322A0004F37D /* Foundation-数组（2） */ = {isa = PBXFileReference; explicitFileType = "compiled.mach-o.executable"; includeInIndex = 0; path = "Foundation-数组（2）"; sourceTree = BUILT_PRODUCTS_DIR; };
		CCD0A0681C15322A0004F37D /* main.m */ = {isa = PBXFileReference; lastKnownFileType = sourcecode.c.objc; path = main.m; sourceTree = "<group>"; };
		CCD0A06F1C1538700004F37D /* Car.h */ = {isa = PBXFileReference; fileEncoding = 4; lastKnownFileType = sourcecode.c.h; path = Car.h; sourceTree = "<group>"; };
		CCD0A0701C1538700004F37D /* Car.m */ = {isa = PBXFileReference; fileEncoding = 4; lastKnownFileType = sourcecode.c.objc; path = Car.m; sourceTree = "<group>"; };
		CCD0A0721C1538920004F37D /* Engine.h */ = {isa = PBXFileReference; fileEncoding = 4; lastKnownFileType = sourcecode.c.h; path = Engine.h; sourceTree = "<group>"; };
		CCD0A0731C1538920004F37D /* Engine.m */ = {isa = PBXFileReference; fileEncoding = 4; lastKnownFileType = sourcecode.c.objc; path = Engine.m; sourceTree = "<group>"; };
		CCD0A0751C1538B40004F37D /* Tire.h */ = {isa = PBXFileReference; fileEncoding = 4; lastKnownFileType = sourcecode.c.h; path = Tire.h; sourceTree = "<group>"; };
		CCD0A0761C1538B40004F37D /* Tire.m */ = {isa = PBXFileReference; fileEncoding = 4; lastKnownFileType = sourcecode.c.objc; path = Tire.m; sourceTree = "<group>"; };
/* End PBXFileReference section */

/* Begin PBXFrameworksBuildPhase section */
		CCD0A0621C15322A0004F37D /* Frameworks */ = {
			isa = PBXFrameworksBuildPhase;
			buildActionMask = 2147483647;
			files = (
			);
			runOnlyForDeploymentPostprocessing = 0;
		};
/* End PBXFrameworksBuildPhase section */

/* Begin PBXGroup section */
		CCD0A05C1C15322A0004F37D = {
			isa = PBXGroup;
			children = (
				CCD0A0671C15322A0004F37D /* Foundation-数组（2） */,
				CCD0A0661C15322A0004F37D /* Products */,
			);
			sourceTree = "<group>";
		};
		CCD0A0661C15322A0004F37D /* Products */ = {
			isa = PBXGroup;
			children = (
				CCD0A0651C15322A0004F37D /* Foundation-数组（2） */,
			);
			name = Products;
			sourceTree = "<group>";
		};
		CCD0A0671C15322A0004F37D /* Foundation-数组（2） */ = {
			isa = PBXGroup;
			children = (
				CCD0A0681C15322A0004F37D /* main.m */,
				CCD0A06F1C1538700004F37D /* Car.h */,
				CCD0A0701C1538700004F37D /* Car.m */,
				CCD0A0721C1538920004F37D /* Engine.h */,
				CCD0A0731C1538920004F37D /* Engine.m */,
				CCD0A0751C1538B40004F37D /* Tire.h */,
				CCD0A0761C1538B40004F37D /* Tire.m */,
			);
			path = "Foundation-数组（2）";
			sourceTree = "<group>";
		};
/* End PBXGroup section */

/* Begin PBXNativeTarget section */
		CCD0A0641C15322A0004F37D /* Foundation-数组（2） */ = {
			isa = PBXNativeTarget;
			buildConfigurationList = CCD0A06C1C15322A0004F37D /* Build configuration list for PBXNativeTarget "Foundation-数组（2）" */;
			buildPhases = (
				CCD0A0611C15322A0004F37D /* Sources */,
				CCD0A0621C15322A0004F37D /* Frameworks */,
				CCD0A0631C15322A0004F37D /* CopyFiles */,
			);
			buildRules = (
			);
			dependencies = (
			);
			name = "Foundation-数组（2）";
			productName = "Foundation-数组（2）";
			productReference = CCD0A0651C15322A0004F37D /* Foundation-数组（2） */;
			productType = "com.apple.product-type.tool";
		};
/* End PBXNativeTarget section */

/* Begin PBXProject section */
		CCD0A05D1C15322A0004F37D /* Project object */ = {
			isa = PBXProject;
			attributes = {
				LastUpgradeCheck = 0630;
				ORGANIZATIONNAME = qingyun;
				TargetAttributes = {
					CCD0A0641C15322A0004F37D = {
						CreatedOnToolsVersion = 6.3;
					};
				};
			};
			buildConfigurationList = CCD0A0601C15322A0004F37D /* Build configuration list for PBXProject "Foundation-数组（2）" */;
			compatibilityVersion = "Xcode 3.2";
			developmentRegion = English;
			hasScannedForEncodings = 0;
			knownRegions = (
				en,
			);
			mainGroup = CCD0A05C1C15322A0004F37D;
			productRefGroup = CCD0A0661C15322A0004F37D /* Products */;
			projectDirPath = "";
			projectRoot = "";
			targets = (
				CCD0A0641C15322A0004F37D /* Foundation-数组（2） */,
			);
		};
/* End PBXProject section */

/* Begin PBXSourcesBuildPhase section */
		CCD0A0611C15322A0004F37D /* Sources */ = {
			isa = PBXSourcesBuildPhase;
			buildActionMask = 2147483647;
			files = (
				CCD0A0711C1538700004F37D /* Car.m in Sources */,
				CCD0A0771C1538B40004F37D /* Tire.m in Sources */,
				CCD0A0691C15322A0004F37D /* main.m in Sources */,
				CCD0A0741C1538920004F37D /* Engine.m in Sources */,
			);
			runOnlyForDeploymentPostprocessing = 0;
		};
/* End PBXSourcesBuildPhase section */

/* Begin XCBuildConfiguration section */
		CCD0A06A1C15322A0004F37D /* Debug */ = {
			isa = XCBuildConfiguration;
			buildSettings = {
				ALWAYS_SEARCH_USER_PATHS = NO;
				CLANG_CXX_LANGUAGE_STANDARD = "gnu++0x";
				CLANG_CXX_LIBRARY = "libc++";
				CLANG_ENABLE_MODULES = YES;
				CLANG_ENABLE_OBJC_ARC = YES;
				CLANG_WARN_BOOL_CONVERSION = YES;
				CLANG_WARN_CONSTANT_CONVERSION = YES;
				CLANG_WARN_DIRECT_OBJC_ISA_USAGE = YES_ERROR;
				CLANG_WARN_EMPTY_BODY = YES;
				CLANG_WARN_ENUM_CONVERSION = YES;
				CLANG_WARN_INT_CONVERSION = YES;
				CLANG_WARN_OBJC_ROOT_CLASS = YES_ERROR;
				CLANG_WARN_UNREACHABLE_CODE = YES;
				CLANG_WARN__DUPLICATE_METHOD_MATCH = YES;
				COPY_PHASE_STRIP = NO;
				DEBUG_INFORMATION_FORMAT = dwarf;
				ENABLE_STRICT_OBJC_MSGSEND = YES;
				GCC_C_LANGUAGE_STANDARD = gnu99;
				GCC_DYNAMIC_NO_PIC = NO;
				GCC_NO_COMMON_BLOCKS = YES;
				GCC_OPTIMIZATION_LEVEL = 0;
				GCC_PREPROCESSOR_DEFINITIONS = (
					"DEBUG=1",
					"$(inherited)",
				);
				GCC_SYMBOLS_PRIVATE_EXTERN = NO;
				GCC_WARN_64_TO_32_BIT_CONVERSION = YES;
				GCC_WARN_ABOUT_RETURN_TYPE = YES_ERROR;
				GCC_WARN_UNDECLARED_SELECTOR = YES;
				GCC_WARN_UNINITIALIZED_AUTOS = YES_AGGRESSIVE;
				GCC_WARN_UNUSED_FUNCTION = YES;
				GCC_WARN_UNUSED_VARIABLE = YES;
				MACOSX_DEPLOYMENT_TARGET = 10.10;
				MTL_ENABLE_DEBUG_INFO = YES;
				ONLY_ACTIVE_ARCH = YES;
				SDKROOT = macosx;
			};
			name = Debug;
		};
		CCD0A06B1C15322A0004F37D /* Release */ = {
			isa = XCBuildConfiguration;
			buildSettings = {
				ALWAYS_SEARCH_USER_PATHS = NO;
				CLANG_CXX_LANGUAGE_STANDARD = "gnu++0x";
				CLANG_CXX_LIBRARY = "libc++";
				CLANG_ENABLE_MODULES = YES;
				CLANG_ENABLE_OBJC_ARC = YES;
				CLANG_WARN_BOOL_CONVERSION = YES;
				CLANG_WARN_CONSTANT_CONVERSION = YES;
				CLANG_WARN_DIRECT_OBJC_ISA_USAGE = YES_ERROR;
				CLANG_WARN_EMPTY_BODY = YES;
				CLANG_WARN_ENUM_CONVERSION = YES;
				CLANG_WARN_INT_CONVERSION = YES;
				CLANG_WARN_OBJC_ROOT_CLASS = YES_ERROR;
				CLANG_WARN_UNREACHABLE_CODE = YES;
				CLANG_WARN__DUPLICATE_METHOD_MATCH = YES;
				COPY_PHASE_STRIP = NO;
				DEBUG_INFORMATION_FORMAT = "dwarf-with-dsym";
				ENABLE_NS_ASSERTIONS = NO;
				ENABLE_STRICT_OBJC_MSGSEND = YES;
				GCC_C_LANGUAGE_STANDARD = gnu99;
				GCC_NO_COMMON_BLOCKS = YES;
				GCC_WARN_64_TO_32_BIT_CONVERSION = YES;
				GCC_WARN_ABOUT_RETURN_TYPE = YES_ERROR;
				GCC_WARN_UNDECLARED_SELECTOR = YES;
				GCC_WARN_UNINITIALIZED_AUTOS = YES_AGGRESSIVE;
				GCC_WARN_UNUSED_FUNCTION = YES;
				GCC_WARN_UNUSED_VARIABLE = YES;
				MACOSX_DEPLOYMENT_TARGET = 10.10;
				MTL_ENABLE_DEBUG_INFO = NO;
				SDKROOT = macosx;
			};
			name = Release;
		};
		CCD0A06D1C15322A0004F37D /* Debug */ = {
			isa = XCBuildConfiguration;
			buildSettings = {
				PRODUCT_NAME = "$(TARGET_NAME)";
			};
			name = Debug;
		};
		CCD0A06E1C15322A0004F37D /* Release */ = {
			isa = XCBuildConfiguration;
			buildSettings = {
				PRODUCT_NAME = "$(TARGET_NAME)";
			};
			name = Release;
		};
/* End XCBuildConfiguration section */

/* Begin XCConfigurationList section */
		CCD0A0601C15322A0004F37D /* Build configuration list for PBXProject "Foundation-数组（2）" */ = {
			isa = XCConfigurationList;
			buildConfigurations = (
				CCD0A06A1C15322A0004F37D /* Debug */,
				CCD0A06B1C15322A0004F37D /* Release */,
			);
			defaultConfigurationIsVisible = 0;
			defaultConfigurationName = Release;
		};
		CCD0A06C1C15322A0004F37D /* Build configuration list for PBXNativeTarget "Foundation-数组（2）" */ = {
			isa = XCConfigurationList;
			buildConfigurations = (
				CCD0A06D1C15322A0004F37D /* Debug */,
				CCD0A06E1C15322A0004F37D /* Release */,
			);
			defaultConfigurationIsVisible = 0;
		};
/* End XCConfigurationList section */
	};
	rootObject = CCD0A05D1C15322A0004F37D /* Project object */;
}
