// !$*UTF8*$!
{
	archiveVersion = 1;
	classes = {
	};
	objectVersion = 46;
	objects = {

/* Begin PBXBuildFile section */
		CCC786C81C19177B00A5434C /* main.m in Sources */ = {isa = PBXBuildFile; fileRef = CCC786C71C19177B00A5434C /* main.m */; };
		CCC786D01C19225F00A5434C /* EasyMusicPlayer.m in Sources */ = {isa = PBXBuildFile; fileRef = CCC786CF1C19225F00A5434C /* EasyMusicPlayer.m */; };
/* End PBXBuildFile section */

/* Begin PBXCopyFilesBuildPhase section */
		CCC786C21C19177B00A5434C /* CopyFiles */ = {
			isa = PBXCopyFilesBuildPhase;
			buildActionMask = 2147483647;
			dstPath = /usr/share/man/man1/;
			dstSubfolderSpec = 0;
			files = (
			);
			runOnlyForDeploymentPostprocessing = 1;
		};
/* End PBXCopyFilesBuildPhase section */

/* Begin PBXFileReference section */
		CCC786C41C19177B00A5434C /* 歌词解析 */ = {isa = PBXFileReference; explicitFileType = "compiled.mach-o.executable"; includeInIndex = 0; path = "歌词解析"; sourceTree = BUILT_PRODUCTS_DIR; };
		CCC786C71C19177B00A5434C /* main.m */ = {isa = PBXFileReference; lastKnownFileType = sourcecode.c.objc; path = main.m; sourceTree = "<group>"; };
		CCC786CE1C19225F00A5434C /* EasyMusicPlayer.h */ = {isa = PBXFileReference; fileEncoding = 4; lastKnownFileType = sourcecode.c.h; path = EasyMusicPlayer.h; sourceTree = "<group>"; };
		CCC786CF1C19225F00A5434C /* EasyMusicPlayer.m */ = {isa = PBXFileReference; fileEncoding = 4; lastKnownFileType = sourcecode.c.objc; path = EasyMusicPlayer.m; sourceTree = "<group>"; };
/* End PBXFileReference section */

/* Begin PBXFrameworksBuildPhase section */
		CCC786C11C19177B00A5434C /* Frameworks */ = {
			isa = PBXFrameworksBuildPhase;
			buildActionMask = 2147483647;
			files = (
			);
			runOnlyForDeploymentPostprocessing = 0;
		};
/* End PBXFrameworksBuildPhase section */

/* Begin PBXGroup section */
		CCC786BB1C19177B00A5434C = {
			isa = PBXGroup;
			children = (
				CCC786C61C19177B00A5434C /* 歌词解析 */,
				CCC786C51C19177B00A5434C /* Products */,
			);
			sourceTree = "<group>";
		};
		CCC786C51C19177B00A5434C /* Products */ = {
			isa = PBXGroup;
			children = (
				CCC786C41C19177B00A5434C /* 歌词解析 */,
			);
			name = Products;
			sourceTree = "<group>";
		};
		CCC786C61C19177B00A5434C /* 歌词解析 */ = {
			isa = PBXGroup;
			children = (
				CCC786C71C19177B00A5434C /* main.m */,
				CCC786CE1C19225F00A5434C /* EasyMusicPlayer.h */,
				CCC786CF1C19225F00A5434C /* EasyMusicPlayer.m */,
			);
			path = "歌词解析";
			sourceTree = "<group>";
		};
/* End PBXGroup section */

/* Begin PBXNativeTarget section */
		CCC786C31C19177B00A5434C /* 歌词解析 */ = {
			isa = PBXNativeTarget;
			buildConfigurationList = CCC786CB1C19177B00A5434C /* Build configuration list for PBXNativeTarget "歌词解析" */;
			buildPhases = (
				CCC786C01C19177B00A5434C /* Sources */,
				CCC786C11C19177B00A5434C /* Frameworks */,
				CCC786C21C19177B00A5434C /* CopyFiles */,
			);
			buildRules = (
			);
			dependencies = (
			);
			name = "歌词解析";
			productName = "歌词解析";
			productReference = CCC786C41C19177B00A5434C /* 歌词解析 */;
			productType = "com.apple.product-type.tool";
		};
/* End PBXNativeTarget section */

/* Begin PBXProject section */
		CCC786BC1C19177B00A5434C /* Project object */ = {
			isa = PBXProject;
			attributes = {
				LastUpgradeCheck = 0630;
				ORGANIZATIONNAME = qingyun;
				TargetAttributes = {
					CCC786C31C19177B00A5434C = {
						CreatedOnToolsVersion = 6.3;
					};
				};
			};
			buildConfigurationList = CCC786BF1C19177B00A5434C /* Build configuration list for PBXProject "歌词解析" */;
			compatibilityVersion = "Xcode 3.2";
			developmentRegion = English;
			hasScannedForEncodings = 0;
			knownRegions = (
				en,
			);
			mainGroup = CCC786BB1C19177B00A5434C;
			productRefGroup = CCC786C51C19177B00A5434C /* Products */;
			projectDirPath = "";
			projectRoot = "";
			targets = (
				CCC786C31C19177B00A5434C /* 歌词解析 */,
			);
		};
/* End PBXProject section */

/* Begin PBXSourcesBuildPhase section */
		CCC786C01C19177B00A5434C /* Sources */ = {
			isa = PBXSourcesBuildPhase;
			buildActionMask = 2147483647;
			files = (
				CCC786D01C19225F00A5434C /* EasyMusicPlayer.m in Sources */,
				CCC786C81C19177B00A5434C /* main.m in Sources */,
			);
			runOnlyForDeploymentPostprocessing = 0;
		};
/* End PBXSourcesBuildPhase section */

/* Begin XCBuildConfiguration section */
		CCC786C91C19177B00A5434C /* Debug */ = {
			isa = XCBuildConfiguration;
			buildSettings = {
				ALWAYS_SEARCH_USER_PATHS = NO;
				CLANG_CXX_LANGUAGE_STANDARD = "gnu++0x";
				CLANG_CXX_LIBRARY = "libc++";
				CLANG_ENABLE_MODULES = YES;
				CLANG_ENABLE_OBJC_ARC = YES;
				CLANG_WARN_BOOL_CONVERSION = YES;
				CLANG_WARN_CONSTANT_CONVERSION = YES;
				CLANG_WARN_DIRECT_OBJC_ISA_USAGE = YES_ERROR;
				CLANG_WARN_EMPTY_BODY = YES;
				CLANG_WARN_ENUM_CONVERSION = YES;
				CLANG_WARN_INT_CONVERSION = YES;
				CLANG_WARN_OBJC_ROOT_CLASS = YES_ERROR;
				CLANG_WARN_UNREACHABLE_CODE = YES;
				CLANG_WARN__DUPLICATE_METHOD_MATCH = YES;
				COPY_PHASE_STRIP = NO;
				DEBUG_INFORMATION_FORMAT = dwarf;
				ENABLE_STRICT_OBJC_MSGSEND = YES;
				GCC_C_LANGUAGE_STANDARD = gnu99;
				GCC_DYNAMIC_NO_PIC = NO;
				GCC_NO_COMMON_BLOCKS = YES;
				GCC_OPTIMIZATION_LEVEL = 0;
				GCC_PREPROCESSOR_DEFINITIONS = (
					"DEBUG=1",
					"$(inherited)",
				);
				GCC_SYMBOLS_PRIVATE_EXTERN = NO;
				GCC_WARN_64_TO_32_BIT_CONVERSION = YES;
				GCC_WARN_ABOUT_RETURN_TYPE = YES_ERROR;
				GCC_WARN_UNDECLARED_SELECTOR = YES;
				GCC_WARN_UNINITIALIZED_AUTOS = YES_AGGRESSIVE;
				GCC_WARN_UNUSED_FUNCTION = YES;
				GCC_WARN_UNUSED_VARIABLE = YES;
				MACOSX_DEPLOYMENT_TARGET = 10.10;
				MTL_ENABLE_DEBUG_INFO = YES;
				ONLY_ACTIVE_ARCH = YES;
				SDKROOT = macosx;
			};
			name = Debug;
		};
		CCC786CA1C19177B00A5434C /* Release */ = {
			isa = XCBuildConfiguration;
			buildSettings = {
				ALWAYS_SEARCH_USER_PATHS = NO;
				CLANG_CXX_LANGUAGE_STANDARD = "gnu++0x";
				CLANG_CXX_LIBRARY = "libc++";
				CLANG_ENABLE_MODULES = YES;
				CLANG_ENABLE_OBJC_ARC = YES;
				CLANG_WARN_BOOL_CONVERSION = YES;
				CLANG_WARN_CONSTANT_CONVERSION = YES;
				CLANG_WARN_DIRECT_OBJC_ISA_USAGE = YES_ERROR;
				CLANG_WARN_EMPTY_BODY = YES;
				CLANG_WARN_ENUM_CONVERSION = YES;
				CLANG_WARN_INT_CONVERSION = YES;
				CLANG_WARN_OBJC_ROOT_CLASS = YES_ERROR;
				CLANG_WARN_UNREACHABLE_CODE = YES;
				CLANG_WARN__DUPLICATE_METHOD_MATCH = YES;
				COPY_PHASE_STRIP = NO;
				DEBUG_INFORMATION_FORMAT = "dwarf-with-dsym";
				ENABLE_NS_ASSERTIONS = NO;
				ENABLE_STRICT_OBJC_MSGSEND = YES;
				GCC_C_LANGUAGE_STANDARD = gnu99;
				GCC_NO_COMMON_BLOCKS = YES;
				GCC_WARN_64_TO_32_BIT_CONVERSION = YES;
				GCC_WARN_ABOUT_RETURN_TYPE = YES_ERROR;
				GCC_WARN_UNDECLARED_SELECTOR = YES;
				GCC_WARN_UNINITIALIZED_AUTOS = YES_AGGRESSIVE;
				GCC_WARN_UNUSED_FUNCTION = YES;
				GCC_WARN_UNUSED_VARIABLE = YES;
				MACOSX_DEPLOYMENT_TARGET = 10.10;
				MTL_ENABLE_DEBUG_INFO = NO;
				SDKROOT = macosx;
			};
			name = Release;
		};
		CCC786CC1C19177B00A5434C /* Debug */ = {
			isa = XCBuildConfiguration;
			buildSettings = {
				PRODUCT_NAME = "$(TARGET_NAME)";
			};
			name = Debug;
		};
		CCC786CD1C19177B00A5434C /* Release */ = {
			isa = XCBuildConfiguration;
			buildSettings = {
				PRODUCT_NAME = "$(TARGET_NAME)";
			};
			name = Release;
		};
/* End XCBuildConfiguration section */

/* Begin XCConfigurationList section */
		CCC786BF1C19177B00A5434C /* Build configuration list for PBXProject "歌词解析" */ = {
			isa = XCConfigurationList;
			buildConfigurations = (
				CCC786C91C19177B00A5434C /* Debug */,
				CCC786CA1C19177B00A5434C /* Release */,
			);
			defaultConfigurationIsVisible = 0;
			defaultConfigurationName = Release;
		};
		CCC786CB1C19177B00A5434C /* Build configuration list for PBXNativeTarget "歌词解析" */ = {
			isa = XCConfigurationList;
			buildConfigurations = (
				CCC786CC1C19177B00A5434C /* Debug */,
				CCC786CD1C19177B00A5434C /* Release */,
			);
			defaultConfigurationIsVisible = 0;
		};
/* End XCConfigurationList section */
	};
	rootObject = CCC786BC1C19177B00A5434C /* Project object */;
}
