// !$*UTF8*$!
{
	archiveVersion = 1;
	classes = {
	};
	objectVersion = 46;
	objects = {

/* Begin PBXBuildFile section */
		CC87F7C01C225DF8009B4D70 /* main.m in Sources */ = {isa = PBXBuildFile; fileRef = CC87F7BF1C225DF8009B4D70 /* main.m */; };
		CCA4C2051C22924A00BED4A9 /* QYTest.m in Sources */ = {isa = PBXBuildFile; fileRef = CCA4C2041C22924A00BED4A9 /* QYTest.m */; };
		CCA4C2081C22945200BED4A9 /* QYCar.m in Sources */ = {isa = PBXBuildFile; fileRef = CCA4C2071C22945200BED4A9 /* QYCar.m */; };
/* End PBXBuildFile section */

/* Begin PBXCopyFilesBuildPhase section */
		CC87F7BA1C225DF8009B4D70 /* CopyFiles */ = {
			isa = PBXCopyFilesBuildPhase;
			buildActionMask = 2147483647;
			dstPath = /usr/share/man/man1/;
			dstSubfolderSpec = 0;
			files = (
			);
			runOnlyForDeploymentPostprocessing = 1;
		};
/* End PBXCopyFilesBuildPhase section */

/* Begin PBXFileReference section */
		CC87F7BC1C225DF8009B4D70 /* BlockDemo */ = {isa = PBXFileReference; explicitFileType = "compiled.mach-o.executable"; includeInIndex = 0; path = BlockDemo; sourceTree = BUILT_PRODUCTS_DIR; };
		CC87F7BF1C225DF8009B4D70 /* main.m */ = {isa = PBXFileReference; lastKnownFileType = sourcecode.c.objc; path = main.m; sourceTree = "<group>"; };
		CCA4C2031C22924A00BED4A9 /* QYTest.h */ = {isa = PBXFileReference; fileEncoding = 4; lastKnownFileType = sourcecode.c.h; path = QYTest.h; sourceTree = "<group>"; };
		CCA4C2041C22924A00BED4A9 /* QYTest.m */ = {isa = PBXFileReference; fileEncoding = 4; lastKnownFileType = sourcecode.c.objc; path = QYTest.m; sourceTree = "<group>"; };
		CCA4C2061C22945200BED4A9 /* QYCar.h */ = {isa = PBXFileReference; fileEncoding = 4; lastKnownFileType = sourcecode.c.h; path = QYCar.h; sourceTree = "<group>"; };
		CCA4C2071C22945200BED4A9 /* QYCar.m */ = {isa = PBXFileReference; fileEncoding = 4; lastKnownFileType = sourcecode.c.objc; path = QYCar.m; sourceTree = "<group>"; };
/* End PBXFileReference section */

/* Begin PBXFrameworksBuildPhase section */
		CC87F7B91C225DF8009B4D70 /* Frameworks */ = {
			isa = PBXFrameworksBuildPhase;
			buildActionMask = 2147483647;
			files = (
			);
			runOnlyForDeploymentPostprocessing = 0;
		};
/* End PBXFrameworksBuildPhase section */

/* Begin PBXGroup section */
		CC87F7B31C225DF7009B4D70 = {
			isa = PBXGroup;
			children = (
				CC87F7BE1C225DF8009B4D70 /* BlockDemo */,
				CC87F7BD1C225DF8009B4D70 /* Products */,
			);
			sourceTree = "<group>";
		};
		CC87F7BD1C225DF8009B4D70 /* Products */ = {
			isa = PBXGroup;
			children = (
				CC87F7BC1C225DF8009B4D70 /* BlockDemo */,
			);
			name = Products;
			sourceTree = "<group>";
		};
		CC87F7BE1C225DF8009B4D70 /* BlockDemo */ = {
			isa = PBXGroup;
			children = (
				CC87F7BF1C225DF8009B4D70 /* main.m */,
				CCA4C2061C22945200BED4A9 /* QYCar.h */,
				CCA4C2071C22945200BED4A9 /* QYCar.m */,
				CCA4C2031C22924A00BED4A9 /* QYTest.h */,
				CCA4C2041C22924A00BED4A9 /* QYTest.m */,
			);
			path = BlockDemo;
			sourceTree = "<group>";
		};
/* End PBXGroup section */

/* Begin PBXNativeTarget section */
		CC87F7BB1C225DF8009B4D70 /* BlockDemo */ = {
			isa = PBXNativeTarget;
			buildConfigurationList = CC87F7C31C225DF8009B4D70 /* Build configuration list for PBXNativeTarget "BlockDemo" */;
			buildPhases = (
				CC87F7B81C225DF8009B4D70 /* Sources */,
				CC87F7B91C225DF8009B4D70 /* Frameworks */,
				CC87F7BA1C225DF8009B4D70 /* CopyFiles */,
			);
			buildRules = (
			);
			dependencies = (
			);
			name = BlockDemo;
			productName = BlockDemo;
			productReference = CC87F7BC1C225DF8009B4D70 /* BlockDemo */;
			productType = "com.apple.product-type.tool";
		};
/* End PBXNativeTarget section */

/* Begin PBXProject section */
		CC87F7B41C225DF7009B4D70 /* Project object */ = {
			isa = PBXProject;
			attributes = {
				LastUpgradeCheck = 0630;
				ORGANIZATIONNAME = qingyun;
				TargetAttributes = {
					CC87F7BB1C225DF8009B4D70 = {
						CreatedOnToolsVersion = 6.3;
					};
				};
			};
			buildConfigurationList = CC87F7B71C225DF7009B4D70 /* Build configuration list for PBXProject "BlockDemo" */;
			compatibilityVersion = "Xcode 3.2";
			developmentRegion = English;
			hasScannedForEncodings = 0;
			knownRegions = (
				en,
			);
			mainGroup = CC87F7B31C225DF7009B4D70;
			productRefGroup = CC87F7BD1C225DF8009B4D70 /* Products */;
			projectDirPath = "";
			projectRoot = "";
			targets = (
				CC87F7BB1C225DF8009B4D70 /* BlockDemo */,
			);
		};
/* End PBXProject section */

/* Begin PBXSourcesBuildPhase section */
		CC87F7B81C225DF8009B4D70 /* Sources */ = {
			isa = PBXSourcesBuildPhase;
			buildActionMask = 2147483647;
			files = (
				CCA4C2081C22945200BED4A9 /* QYCar.m in Sources */,
				CC87F7C01C225DF8009B4D70 /* main.m in Sources */,
				CCA4C2051C22924A00BED4A9 /* QYTest.m in Sources */,
			);
			runOnlyForDeploymentPostprocessing = 0;
		};
/* End PBXSourcesBuildPhase section */

/* Begin XCBuildConfiguration section */
		CC87F7C11C225DF8009B4D70 /* Debug */ = {
			isa = XCBuildConfiguration;
			buildSettings = {
				ALWAYS_SEARCH_USER_PATHS = NO;
				CLANG_CXX_LANGUAGE_STANDARD = "gnu++0x";
				CLANG_CXX_LIBRARY = "libc++";
				CLANG_ENABLE_MODULES = YES;
				CLANG_ENABLE_OBJC_ARC = YES;
				CLANG_WARN_BOOL_CONVERSION = YES;
				CLANG_WARN_CONSTANT_CONVERSION = YES;
				CLANG_WARN_DIRECT_OBJC_ISA_USAGE = YES_ERROR;
				CLANG_WARN_EMPTY_BODY = YES;
				CLANG_WARN_ENUM_CONVERSION = YES;
				CLANG_WARN_INT_CONVERSION = YES;
				CLANG_WARN_OBJC_ROOT_CLASS = YES_ERROR;
				CLANG_WARN_UNREACHABLE_CODE = YES;
				CLANG_WARN__DUPLICATE_METHOD_MATCH = YES;
				COPY_PHASE_STRIP = NO;
				DEBUG_INFORMATION_FORMAT = dwarf;
				ENABLE_STRICT_OBJC_MSGSEND = YES;
				GCC_C_LANGUAGE_STANDARD = gnu99;
				GCC_DYNAMIC_NO_PIC = NO;
				GCC_NO_COMMON_BLOCKS = YES;
				GCC_OPTIMIZATION_LEVEL = 0;
				GCC_PREPROCESSOR_DEFINITIONS = (
					"DEBUG=1",
					"$(inherited)",
				);
				GCC_SYMBOLS_PRIVATE_EXTERN = NO;
				GCC_WARN_64_TO_32_BIT_CONVERSION = YES;
				GCC_WARN_ABOUT_RETURN_TYPE = YES_ERROR;
				GCC_WARN_UNDECLARED_SELECTOR = YES;
				GCC_WARN_UNINITIALIZED_AUTOS = YES_AGGRESSIVE;
				GCC_WARN_UNUSED_FUNCTION = YES;
				GCC_WARN_UNUSED_VARIABLE = YES;
				MACOSX_DEPLOYMENT_TARGET = 10.10;
				MTL_ENABLE_DEBUG_INFO = YES;
				ONLY_ACTIVE_ARCH = YES;
				SDKROOT = macosx;
			};
			name = Debug;
		};
		CC87F7C21C225DF8009B4D70 /* Release */ = {
			isa = XCBuildConfiguration;
			buildSettings = {
				ALWAYS_SEARCH_USER_PATHS = NO;
				CLANG_CXX_LANGUAGE_STANDARD = "gnu++0x";
				CLANG_CXX_LIBRARY = "libc++";
				CLANG_ENABLE_MODULES = YES;
				CLANG_ENABLE_OBJC_ARC = YES;
				CLANG_WARN_BOOL_CONVERSION = YES;
				CLANG_WARN_CONSTANT_CONVERSION = YES;
				CLANG_WARN_DIRECT_OBJC_ISA_USAGE = YES_ERROR;
				CLANG_WARN_EMPTY_BODY = YES;
				CLANG_WARN_ENUM_CONVERSION = YES;
				CLANG_WARN_INT_CONVERSION = YES;
				CLANG_WARN_OBJC_ROOT_CLASS = YES_ERROR;
				CLANG_WARN_UNREACHABLE_CODE = YES;
				CLANG_WARN__DUPLICATE_METHOD_MATCH = YES;
				COPY_PHASE_STRIP = NO;
				DEBUG_INFORMATION_FORMAT = "dwarf-with-dsym";
				ENABLE_NS_ASSERTIONS = NO;
				ENABLE_STRICT_OBJC_MSGSEND = YES;
				GCC_C_LANGUAGE_STANDARD = gnu99;
				GCC_NO_COMMON_BLOCKS = YES;
				GCC_WARN_64_TO_32_BIT_CONVERSION = YES;
				GCC_WARN_ABOUT_RETURN_TYPE = YES_ERROR;
				GCC_WARN_UNDECLARED_SELECTOR = YES;
				GCC_WARN_UNINITIALIZED_AUTOS = YES_AGGRESSIVE;
				GCC_WARN_UNUSED_FUNCTION = YES;
				GCC_WARN_UNUSED_VARIABLE = YES;
				MACOSX_DEPLOYMENT_TARGET = 10.10;
				MTL_ENABLE_DEBUG_INFO = NO;
				SDKROOT = macosx;
			};
			name = Release;
		};
		CC87F7C41C225DF8009B4D70 /* Debug */ = {
			isa = XCBuildConfiguration;
			buildSettings = {
				PRODUCT_NAME = "$(TARGET_NAME)";
			};
			name = Debug;
		};
		CC87F7C51C225DF8009B4D70 /* Release */ = {
			isa = XCBuildConfiguration;
			buildSettings = {
				PRODUCT_NAME = "$(TARGET_NAME)";
			};
			name = Release;
		};
/* End XCBuildConfiguration section */

/* Begin XCConfigurationList section */
		CC87F7B71C225DF7009B4D70 /* Build configuration list for PBXProject "BlockDemo" */ = {
			isa = XCConfigurationList;
			buildConfigurations = (
				CC87F7C11C225DF8009B4D70 /* Debug */,
				CC87F7C21C225DF8009B4D70 /* Release */,
			);
			defaultConfigurationIsVisible = 0;
			defaultConfigurationName = Release;
		};
		CC87F7C31C225DF8009B4D70 /* Build configuration list for PBXNativeTarget "BlockDemo" */ = {
			isa = XCConfigurationList;
			buildConfigurations = (
				CC87F7C41C225DF8009B4D70 /* Debug */,
				CC87F7C51C225DF8009B4D70 /* Release */,
			);
			defaultConfigurationIsVisible = 0;
			defaultConfigurationName = Release;
		};
/* End XCConfigurationList section */
	};
	rootObject = CC87F7B41C225DF7009B4D70 /* Project object */;
}
