// !$*UTF8*$!
{
	archiveVersion = 1;
	classes = {
	};
	objectVersion = 46;
	objects = {

/* Begin PBXBuildFile section */
		CC779B661C1279E700C2F173 /* main.m in Sources */ = {isa = PBXBuildFile; fileRef = CC779B651C1279E700C2F173 /* main.m */; };
		CC779B6E1C1279FC00C2F173 /* Person.m in Sources */ = {isa = PBXBuildFile; fileRef = CC779B6D1C1279FC00C2F173 /* Person.m */; };
		CC779B711C127A4100C2F173 /* Man.m in Sources */ = {isa = PBXBuildFile; fileRef = CC779B701C127A4100C2F173 /* Man.m */; };
		CC779B741C127A5600C2F173 /* Woman.m in Sources */ = {isa = PBXBuildFile; fileRef = CC779B731C127A5600C2F173 /* Woman.m */; };
/* End PBXBuildFile section */

/* Begin PBXCopyFilesBuildPhase section */
		CC779B601C1279E700C2F173 /* CopyFiles */ = {
			isa = PBXCopyFilesBuildPhase;
			buildActionMask = 2147483647;
			dstPath = /usr/share/man/man1/;
			dstSubfolderSpec = 0;
			files = (
			);
			runOnlyForDeploymentPostprocessing = 1;
		};
/* End PBXCopyFilesBuildPhase section */

/* Begin PBXFileReference section */
		CC779B621C1279E700C2F173 /* 复合 */ = {isa = PBXFileReference; explicitFileType = "compiled.mach-o.executable"; includeInIndex = 0; path = "复合"; sourceTree = BUILT_PRODUCTS_DIR; };
		CC779B651C1279E700C2F173 /* main.m */ = {isa = PBXFileReference; lastKnownFileType = sourcecode.c.objc; path = main.m; sourceTree = "<group>"; };
		CC779B6C1C1279FC00C2F173 /* Person.h */ = {isa = PBXFileReference; fileEncoding = 4; lastKnownFileType = sourcecode.c.h; path = Person.h; sourceTree = "<group>"; };
		CC779B6D1C1279FC00C2F173 /* Person.m */ = {isa = PBXFileReference; fileEncoding = 4; lastKnownFileType = sourcecode.c.objc; path = Person.m; sourceTree = "<group>"; };
		CC779B6F1C127A4100C2F173 /* Man.h */ = {isa = PBXFileReference; fileEncoding = 4; lastKnownFileType = sourcecode.c.h; path = Man.h; sourceTree = "<group>"; };
		CC779B701C127A4100C2F173 /* Man.m */ = {isa = PBXFileReference; fileEncoding = 4; lastKnownFileType = sourcecode.c.objc; path = Man.m; sourceTree = "<group>"; };
		CC779B721C127A5600C2F173 /* Woman.h */ = {isa = PBXFileReference; fileEncoding = 4; lastKnownFileType = sourcecode.c.h; path = Woman.h; sourceTree = "<group>"; };
		CC779B731C127A5600C2F173 /* Woman.m */ = {isa = PBXFileReference; fileEncoding = 4; lastKnownFileType = sourcecode.c.objc; path = Woman.m; sourceTree = "<group>"; };
/* End PBXFileReference section */

/* Begin PBXFrameworksBuildPhase section */
		CC779B5F1C1279E700C2F173 /* Frameworks */ = {
			isa = PBXFrameworksBuildPhase;
			buildActionMask = 2147483647;
			files = (
			);
			runOnlyForDeploymentPostprocessing = 0;
		};
/* End PBXFrameworksBuildPhase section */

/* Begin PBXGroup section */
		CC779B591C1279E700C2F173 = {
			isa = PBXGroup;
			children = (
				CC779B641C1279E700C2F173 /* 复合 */,
				CC779B631C1279E700C2F173 /* Products */,
			);
			sourceTree = "<group>";
		};
		CC779B631C1279E700C2F173 /* Products */ = {
			isa = PBXGroup;
			children = (
				CC779B621C1279E700C2F173 /* 复合 */,
			);
			name = Products;
			sourceTree = "<group>";
		};
		CC779B641C1279E700C2F173 /* 复合 */ = {
			isa = PBXGroup;
			children = (
				CC779B651C1279E700C2F173 /* main.m */,
				CC779B6C1C1279FC00C2F173 /* Person.h */,
				CC779B6D1C1279FC00C2F173 /* Person.m */,
				CC779B6F1C127A4100C2F173 /* Man.h */,
				CC779B701C127A4100C2F173 /* Man.m */,
				CC779B721C127A5600C2F173 /* Woman.h */,
				CC779B731C127A5600C2F173 /* Woman.m */,
			);
			path = "复合";
			sourceTree = "<group>";
		};
/* End PBXGroup section */

/* Begin PBXNativeTarget section */
		CC779B611C1279E700C2F173 /* 复合 */ = {
			isa = PBXNativeTarget;
			buildConfigurationList = CC779B691C1279E700C2F173 /* Build configuration list for PBXNativeTarget "复合" */;
			buildPhases = (
				CC779B5E1C1279E700C2F173 /* Sources */,
				CC779B5F1C1279E700C2F173 /* Frameworks */,
				CC779B601C1279E700C2F173 /* CopyFiles */,
			);
			buildRules = (
			);
			dependencies = (
			);
			name = "复合";
			productName = "复合";
			productReference = CC779B621C1279E700C2F173 /* 复合 */;
			productType = "com.apple.product-type.tool";
		};
/* End PBXNativeTarget section */

/* Begin PBXProject section */
		CC779B5A1C1279E700C2F173 /* Project object */ = {
			isa = PBXProject;
			attributes = {
				LastUpgradeCheck = 0630;
				ORGANIZATIONNAME = qingyun;
				TargetAttributes = {
					CC779B611C1279E700C2F173 = {
						CreatedOnToolsVersion = 6.3;
					};
				};
			};
			buildConfigurationList = CC779B5D1C1279E700C2F173 /* Build configuration list for PBXProject "复合" */;
			compatibilityVersion = "Xcode 3.2";
			developmentRegion = English;
			hasScannedForEncodings = 0;
			knownRegions = (
				en,
			);
			mainGroup = CC779B591C1279E700C2F173;
			productRefGroup = CC779B631C1279E700C2F173 /* Products */;
			projectDirPath = "";
			projectRoot = "";
			targets = (
				CC779B611C1279E700C2F173 /* 复合 */,
			);
		};
/* End PBXProject section */

/* Begin PBXSourcesBuildPhase section */
		CC779B5E1C1279E700C2F173 /* Sources */ = {
			isa = PBXSourcesBuildPhase;
			buildActionMask = 2147483647;
			files = (
				CC779B741C127A5600C2F173 /* Woman.m in Sources */,
				CC779B711C127A4100C2F173 /* Man.m in Sources */,
				CC779B6E1C1279FC00C2F173 /* Person.m in Sources */,
				CC779B661C1279E700C2F173 /* main.m in Sources */,
			);
			runOnlyForDeploymentPostprocessing = 0;
		};
/* End PBXSourcesBuildPhase section */

/* Begin XCBuildConfiguration section */
		CC779B671C1279E700C2F173 /* Debug */ = {
			isa = XCBuildConfiguration;
			buildSettings = {
				ALWAYS_SEARCH_USER_PATHS = NO;
				CLANG_CXX_LANGUAGE_STANDARD = "gnu++0x";
				CLANG_CXX_LIBRARY = "libc++";
				CLANG_ENABLE_MODULES = YES;
				CLANG_ENABLE_OBJC_ARC = YES;
				CLANG_WARN_BOOL_CONVERSION = YES;
				CLANG_WARN_CONSTANT_CONVERSION = YES;
				CLANG_WARN_DIRECT_OBJC_ISA_USAGE = YES_ERROR;
				CLANG_WARN_EMPTY_BODY = YES;
				CLANG_WARN_ENUM_CONVERSION = YES;
				CLANG_WARN_INT_CONVERSION = YES;
				CLANG_WARN_OBJC_ROOT_CLASS = YES_ERROR;
				CLANG_WARN_UNREACHABLE_CODE = YES;
				CLANG_WARN__DUPLICATE_METHOD_MATCH = YES;
				COPY_PHASE_STRIP = NO;
				DEBUG_INFORMATION_FORMAT = dwarf;
				ENABLE_STRICT_OBJC_MSGSEND = YES;
				GCC_C_LANGUAGE_STANDARD = gnu99;
				GCC_DYNAMIC_NO_PIC = NO;
				GCC_NO_COMMON_BLOCKS = YES;
				GCC_OPTIMIZATION_LEVEL = 0;
				GCC_PREPROCESSOR_DEFINITIONS = (
					"DEBUG=1",
					"$(inherited)",
				);
				GCC_SYMBOLS_PRIVATE_EXTERN = NO;
				GCC_WARN_64_TO_32_BIT_CONVERSION = YES;
				GCC_WARN_ABOUT_RETURN_TYPE = YES_ERROR;
				GCC_WARN_UNDECLARED_SELECTOR = YES;
				GCC_WARN_UNINITIALIZED_AUTOS = YES_AGGRESSIVE;
				GCC_WARN_UNUSED_FUNCTION = YES;
				GCC_WARN_UNUSED_VARIABLE = YES;
				MACOSX_DEPLOYMENT_TARGET = 10.10;
				MTL_ENABLE_DEBUG_INFO = YES;
				ONLY_ACTIVE_ARCH = YES;
				SDKROOT = macosx;
			};
			name = Debug;
		};
		CC779B681C1279E700C2F173 /* Release */ = {
			isa = XCBuildConfiguration;
			buildSettings = {
				ALWAYS_SEARCH_USER_PATHS = NO;
				CLANG_CXX_LANGUAGE_STANDARD = "gnu++0x";
				CLANG_CXX_LIBRARY = "libc++";
				CLANG_ENABLE_MODULES = YES;
				CLANG_ENABLE_OBJC_ARC = YES;
				CLANG_WARN_BOOL_CONVERSION = YES;
				CLANG_WARN_CONSTANT_CONVERSION = YES;
				CLANG_WARN_DIRECT_OBJC_ISA_USAGE = YES_ERROR;
				CLANG_WARN_EMPTY_BODY = YES;
				CLANG_WARN_ENUM_CONVERSION = YES;
				CLANG_WARN_INT_CONVERSION = YES;
				CLANG_WARN_OBJC_ROOT_CLASS = YES_ERROR;
				CLANG_WARN_UNREACHABLE_CODE = YES;
				CLANG_WARN__DUPLICATE_METHOD_MATCH = YES;
				COPY_PHASE_STRIP = NO;
				DEBUG_INFORMATION_FORMAT = "dwarf-with-dsym";
				ENABLE_NS_ASSERTIONS = NO;
				ENABLE_STRICT_OBJC_MSGSEND = YES;
				GCC_C_LANGUAGE_STANDARD = gnu99;
				GCC_NO_COMMON_BLOCKS = YES;
				GCC_WARN_64_TO_32_BIT_CONVERSION = YES;
				GCC_WARN_ABOUT_RETURN_TYPE = YES_ERROR;
				GCC_WARN_UNDECLARED_SELECTOR = YES;
				GCC_WARN_UNINITIALIZED_AUTOS = YES_AGGRESSIVE;
				GCC_WARN_UNUSED_FUNCTION = YES;
				GCC_WARN_UNUSED_VARIABLE = YES;
				MACOSX_DEPLOYMENT_TARGET = 10.10;
				MTL_ENABLE_DEBUG_INFO = NO;
				SDKROOT = macosx;
			};
			name = Release;
		};
		CC779B6A1C1279E700C2F173 /* Debug */ = {
			isa = XCBuildConfiguration;
			buildSettings = {
				PRODUCT_NAME = "$(TARGET_NAME)";
			};
			name = Debug;
		};
		CC779B6B1C1279E700C2F173 /* Release */ = {
			isa = XCBuildConfiguration;
			buildSettings = {
				PRODUCT_NAME = "$(TARGET_NAME)";
			};
			name = Release;
		};
/* End XCBuildConfiguration section */

/* Begin XCConfigurationList section */
		CC779B5D1C1279E700C2F173 /* Build configuration list for PBXProject "复合" */ = {
			isa = XCConfigurationList;
			buildConfigurations = (
				CC779B671C1279E700C2F173 /* Debug */,
				CC779B681C1279E700C2F173 /* Release */,
			);
			defaultConfigurationIsVisible = 0;
			defaultConfigurationName = Release;
		};
		CC779B691C1279E700C2F173 /* Build configuration list for PBXNativeTarget "复合" */ = {
			isa = XCConfigurationList;
			buildConfigurations = (
				CC779B6A1C1279E700C2F173 /* Debug */,
				CC779B6B1C1279E700C2F173 /* Release */,
			);
			defaultConfigurationIsVisible = 0;
		};
/* End XCConfigurationList section */
	};
	rootObject = CC779B5A1C1279E700C2F173 /* Project object */;
}
