// !$*UTF8*$!
{
	archiveVersion = 1;
	classes = {
	};
	objectVersion = 46;
	objects = {

/* Begin PBXBuildFile section */
		CCC7F0B51C2539BC00FB379D /* main.m in Sources */ = {isa = PBXBuildFile; fileRef = CCC7F0B41C2539BC00FB379D /* main.m */; };
		CCC7F0BD1C2539C800FB379D /* Test.m in Sources */ = {isa = PBXBuildFile; fileRef = CCC7F0BC1C2539C800FB379D /* Test.m */; };
/* End PBXBuildFile section */

/* Begin PBXCopyFilesBuildPhase section */
		CCC7F0AF1C2539BC00FB379D /* CopyFiles */ = {
			isa = PBXCopyFilesBuildPhase;
			buildActionMask = 2147483647;
			dstPath = /usr/share/man/man1/;
			dstSubfolderSpec = 0;
			files = (
			);
			runOnlyForDeploymentPostprocessing = 1;
		};
/* End PBXCopyFilesBuildPhase section */

/* Begin PBXFileReference section */
		CCC7F0B11C2539BC00FB379D /* TestClass */ = {isa = PBXFileReference; explicitFileType = "compiled.mach-o.executable"; includeInIndex = 0; path = TestClass; sourceTree = BUILT_PRODUCTS_DIR; };
		CCC7F0B41C2539BC00FB379D /* main.m */ = {isa = PBXFileReference; lastKnownFileType = sourcecode.c.objc; path = main.m; sourceTree = "<group>"; };
		CCC7F0BB1C2539C800FB379D /* Test.h */ = {isa = PBXFileReference; fileEncoding = 4; lastKnownFileType = sourcecode.c.h; path = Test.h; sourceTree = "<group>"; };
		CCC7F0BC1C2539C800FB379D /* Test.m */ = {isa = PBXFileReference; fileEncoding = 4; lastKnownFileType = sourcecode.c.objc; path = Test.m; sourceTree = "<group>"; };
/* End PBXFileReference section */

/* Begin PBXFrameworksBuildPhase section */
		CCC7F0AE1C2539BC00FB379D /* Frameworks */ = {
			isa = PBXFrameworksBuildPhase;
			buildActionMask = 2147483647;
			files = (
			);
			runOnlyForDeploymentPostprocessing = 0;
		};
/* End PBXFrameworksBuildPhase section */

/* Begin PBXGroup section */
		CCC7F0A81C2539BC00FB379D = {
			isa = PBXGroup;
			children = (
				CCC7F0B31C2539BC00FB379D /* TestClass */,
				CCC7F0B21C2539BC00FB379D /* Products */,
			);
			sourceTree = "<group>";
		};
		CCC7F0B21C2539BC00FB379D /* Products */ = {
			isa = PBXGroup;
			children = (
				CCC7F0B11C2539BC00FB379D /* TestClass */,
			);
			name = Products;
			sourceTree = "<group>";
		};
		CCC7F0B31C2539BC00FB379D /* TestClass */ = {
			isa = PBXGroup;
			children = (
				CCC7F0B41C2539BC00FB379D /* main.m */,
				CCC7F0BB1C2539C800FB379D /* Test.h */,
				CCC7F0BC1C2539C800FB379D /* Test.m */,
			);
			path = TestClass;
			sourceTree = "<group>";
		};
/* End PBXGroup section */

/* Begin PBXNativeTarget section */
		CCC7F0B01C2539BC00FB379D /* TestClass */ = {
			isa = PBXNativeTarget;
			buildConfigurationList = CCC7F0B81C2539BC00FB379D /* Build configuration list for PBXNativeTarget "TestClass" */;
			buildPhases = (
				CCC7F0AD1C2539BC00FB379D /* Sources */,
				CCC7F0AE1C2539BC00FB379D /* Frameworks */,
				CCC7F0AF1C2539BC00FB379D /* CopyFiles */,
			);
			buildRules = (
			);
			dependencies = (
			);
			name = TestClass;
			productName = TestClass;
			productReference = CCC7F0B11C2539BC00FB379D /* TestClass */;
			productType = "com.apple.product-type.tool";
		};
/* End PBXNativeTarget section */

/* Begin PBXProject section */
		CCC7F0A91C2539BC00FB379D /* Project object */ = {
			isa = PBXProject;
			attributes = {
				LastUpgradeCheck = 0630;
				ORGANIZATIONNAME = qingyun;
				TargetAttributes = {
					CCC7F0B01C2539BC00FB379D = {
						CreatedOnToolsVersion = 6.3;
					};
				};
			};
			buildConfigurationList = CCC7F0AC1C2539BC00FB379D /* Build configuration list for PBXProject "TestClass" */;
			compatibilityVersion = "Xcode 3.2";
			developmentRegion = English;
			hasScannedForEncodings = 0;
			knownRegions = (
				en,
			);
			mainGroup = CCC7F0A81C2539BC00FB379D;
			productRefGroup = CCC7F0B21C2539BC00FB379D /* Products */;
			projectDirPath = "";
			projectRoot = "";
			targets = (
				CCC7F0B01C2539BC00FB379D /* TestClass */,
			);
		};
/* End PBXProject section */

/* Begin PBXSourcesBuildPhase section */
		CCC7F0AD1C2539BC00FB379D /* Sources */ = {
			isa = PBXSourcesBuildPhase;
			buildActionMask = 2147483647;
			files = (
				CCC7F0B51C2539BC00FB379D /* main.m in Sources */,
				CCC7F0BD1C2539C800FB379D /* Test.m in Sources */,
			);
			runOnlyForDeploymentPostprocessing = 0;
		};
/* End PBXSourcesBuildPhase section */

/* Begin XCBuildConfiguration section */
		CCC7F0B61C2539BC00FB379D /* Debug */ = {
			isa = XCBuildConfiguration;
			buildSettings = {
				ALWAYS_SEARCH_USER_PATHS = NO;
				CLANG_CXX_LANGUAGE_STANDARD = "gnu++0x";
				CLANG_CXX_LIBRARY = "libc++";
				CLANG_ENABLE_MODULES = YES;
				CLANG_ENABLE_OBJC_ARC = YES;
				CLANG_WARN_BOOL_CONVERSION = YES;
				CLANG_WARN_CONSTANT_CONVERSION = YES;
				CLANG_WARN_DIRECT_OBJC_ISA_USAGE = YES_ERROR;
				CLANG_WARN_EMPTY_BODY = YES;
				CLANG_WARN_ENUM_CONVERSION = YES;
				CLANG_WARN_INT_CONVERSION = YES;
				CLANG_WARN_OBJC_ROOT_CLASS = YES_ERROR;
				CLANG_WARN_UNREACHABLE_CODE = YES;
				CLANG_WARN__DUPLICATE_METHOD_MATCH = YES;
				COPY_PHASE_STRIP = NO;
				DEBUG_INFORMATION_FORMAT = dwarf;
				ENABLE_STRICT_OBJC_MSGSEND = YES;
				GCC_C_LANGUAGE_STANDARD = gnu99;
				GCC_DYNAMIC_NO_PIC = NO;
				GCC_NO_COMMON_BLOCKS = YES;
				GCC_OPTIMIZATION_LEVEL = 0;
				GCC_PREPROCESSOR_DEFINITIONS = (
					"DEBUG=1",
					"$(inherited)",
				);
				GCC_SYMBOLS_PRIVATE_EXTERN = NO;
				GCC_WARN_64_TO_32_BIT_CONVERSION = YES;
				GCC_WARN_ABOUT_RETURN_TYPE = YES_ERROR;
				GCC_WARN_UNDECLARED_SELECTOR = YES;
				GCC_WARN_UNINITIALIZED_AUTOS = YES_AGGRESSIVE;
				GCC_WARN_UNUSED_FUNCTION = YES;
				GCC_WARN_UNUSED_VARIABLE = YES;
				MACOSX_DEPLOYMENT_TARGET = 10.10;
				MTL_ENABLE_DEBUG_INFO = YES;
				ONLY_ACTIVE_ARCH = YES;
				SDKROOT = macosx;
			};
			name = Debug;
		};
		CCC7F0B71C2539BC00FB379D /* Release */ = {
			isa = XCBuildConfiguration;
			buildSettings = {
				ALWAYS_SEARCH_USER_PATHS = NO;
				CLANG_CXX_LANGUAGE_STANDARD = "gnu++0x";
				CLANG_CXX_LIBRARY = "libc++";
				CLANG_ENABLE_MODULES = YES;
				CLANG_ENABLE_OBJC_ARC = YES;
				CLANG_WARN_BOOL_CONVERSION = YES;
				CLANG_WARN_CONSTANT_CONVERSION = YES;
				CLANG_WARN_DIRECT_OBJC_ISA_USAGE = YES_ERROR;
				CLANG_WARN_EMPTY_BODY = YES;
				CLANG_WARN_ENUM_CONVERSION = YES;
				CLANG_WARN_INT_CONVERSION = YES;
				CLANG_WARN_OBJC_ROOT_CLASS = YES_ERROR;
				CLANG_WARN_UNREACHABLE_CODE = YES;
				CLANG_WARN__DUPLICATE_METHOD_MATCH = YES;
				COPY_PHASE_STRIP = NO;
				DEBUG_INFORMATION_FORMAT = "dwarf-with-dsym";
				ENABLE_NS_ASSERTIONS = NO;
				ENABLE_STRICT_OBJC_MSGSEND = YES;
				GCC_C_LANGUAGE_STANDARD = gnu99;
				GCC_NO_COMMON_BLOCKS = YES;
				GCC_WARN_64_TO_32_BIT_CONVERSION = YES;
				GCC_WARN_ABOUT_RETURN_TYPE = YES_ERROR;
				GCC_WARN_UNDECLARED_SELECTOR = YES;
				GCC_WARN_UNINITIALIZED_AUTOS = YES_AGGRESSIVE;
				GCC_WARN_UNUSED_FUNCTION = YES;
				GCC_WARN_UNUSED_VARIABLE = YES;
				MACOSX_DEPLOYMENT_TARGET = 10.10;
				MTL_ENABLE_DEBUG_INFO = NO;
				SDKROOT = macosx;
			};
			name = Release;
		};
		CCC7F0B91C2539BC00FB379D /* Debug */ = {
			isa = XCBuildConfiguration;
			buildSettings = {
				PRODUCT_NAME = "$(TARGET_NAME)";
			};
			name = Debug;
		};
		CCC7F0BA1C2539BC00FB379D /* Release */ = {
			isa = XCBuildConfiguration;
			buildSettings = {
				PRODUCT_NAME = "$(TARGET_NAME)";
			};
			name = Release;
		};
/* End XCBuildConfiguration section */

/* Begin XCConfigurationList section */
		CCC7F0AC1C2539BC00FB379D /* Build configuration list for PBXProject "TestClass" */ = {
			isa = XCConfigurationList;
			buildConfigurations = (
				CCC7F0B61C2539BC00FB379D /* Debug */,
				CCC7F0B71C2539BC00FB379D /* Release */,
			);
			defaultConfigurationIsVisible = 0;
			defaultConfigurationName = Release;
		};
		CCC7F0B81C2539BC00FB379D /* Build configuration list for PBXNativeTarget "TestClass" */ = {
			isa = XCConfigurationList;
			buildConfigurations = (
				CCC7F0B91C2539BC00FB379D /* Debug */,
				CCC7F0BA1C2539BC00FB379D /* Release */,
			);
			defaultConfigurationIsVisible = 0;
		};
/* End XCConfigurationList section */
	};
	rootObject = CCC7F0A91C2539BC00FB379D /* Project object */;
}
